<?xml version="1.0" encoding="utf-8"?>
<Project ToolsVersion="4.0" xmlns="http://schemas.microsoft.com/developer/msbuild/2003">
  <ItemGroup>
    <Filter Include="win32">
      <UniqueIdentifier>{84a8ebd7-7cf0-47f6-b75e-d441df67da40}</UniqueIdentifier>
    </Filter>
    <Filter Include="resource">
      <UniqueIdentifier>{715254bc-d70b-4ec5-bf29-467dd3ace079}</UniqueIdentifier>
    </Filter>
    <Filter Include="src">
      <UniqueIdentifier>{bb6c862e-70e9-49d9-81b7-3829a6f50471}</UniqueIdentifier>
    </Filter>
    <Filter Include="src\load">
      <UniqueIdentifier>{66ff7202-680b-46b3-83f2-4353e8462628}</UniqueIdentifier>
    </Filter>
    <Filter Include="src\game">
      <UniqueIdentifier>{a0307be2-dadd-416c-992d-878033ffb0ef}</UniqueIdentifier>
    </Filter>
    <Filter Include="src\result">
      <UniqueIdentifier>{3698272d-20a3-48ae-8461-44e9ac0bc9f4}</UniqueIdentifier>
    </Filter>
    <Filter Include="src\tools">
      <UniqueIdentifier>{5ead5932-69b2-4053-b03b-eb36d16fbe6b}</UniqueIdentifier>
    </Filter>
    <Filter Include="src\dream">
      <UniqueIdentifier>{364093a3-298f-4716-898e-0f300cc3d93b}</UniqueIdentifier>
    </Filter>
    <Filter Include="src\user">
      <UniqueIdentifier>{46616614-34b1-4cd5-83c1-dff35673ad94}</UniqueIdentifier>
    </Filter>
    <Filter Include="src\audio">
      <UniqueIdentifier>{1d1db8a1-eedf-4131-ac47-6f6e9cbbbded}</UniqueIdentifier>
    </Filter>
  </ItemGroup>
  <ItemGroup>
    <ClCompile Include="main.cpp">
      <Filter>win32</Filter>
    </ClCompile>
    <ClCompile Include="..\Classes\AppDelegate.cpp">
      <Filter>src</Filter>
    </ClCompile>
    <ClCompile Include="..\Classes\LoadScene.cpp">
      <Filter>src\load</Filter>
    </ClCompile>
    <ClCompile Include="..\Classes\GameLayer.cpp">
      <Filter>src\game</Filter>
    </ClCompile>
    <ClCompile Include="..\Classes\GameScene.cpp">
      <Filter>src\game</Filter>
    </ClCompile>
    <ClCompile Include="..\Classes\GameStatus.cpp">
      <Filter>src\game</Filter>
    </ClCompile>
    <ClCompile Include="..\Classes\ResultScene.cpp">
      <Filter>src\result</Filter>
    </ClCompile>
    <ClCompile Include="..\Classes\ResultLayer.cpp">
      <Filter>src\result</Filter>
    </ClCompile>
    <ClCompile Include="..\Classes\StringTools.cpp">
      <Filter>src\tools</Filter>
    </ClCompile>
    <ClCompile Include="..\Classes\Rocker.cpp">
      <Filter>src\tools</Filter>
    </ClCompile>
    <ClCompile Include="..\Classes\Dream.cpp">
      <Filter>src\dream</Filter>
    </ClCompile>
    <ClCompile Include="..\Classes\DreamCallback.cpp">
      <Filter>src\dream</Filter>
    </ClCompile>
    <ClCompile Include="..\Classes\UserData.cpp">
      <Filter>src\user</Filter>
    </ClCompile>
    <ClCompile Include="..\Classes\Audio.cpp">
      <Filter>src\audio</Filter>
    </ClCompile>
  </ItemGroup>
  <ItemGroup>
    <ClInclude Include="main.h">
      <Filter>win32</Filter>
    </ClInclude>
    <ClInclude Include="..\Classes\AppDelegate.h">
      <Filter>src</Filter>
    </ClInclude>
    <ClInclude Include="..\Classes\UserData.h">
      <Filter>src</Filter>
    </ClInclude>
    <ClInclude Include="..\Classes\LoadScene.h">
      <Filter>src\load</Filter>
    </ClInclude>
    <ClInclude Include="..\Classes\GameLayer.h">
      <Filter>src\game</Filter>
    </ClInclude>
    <ClInclude Include="..\Classes\GameScene.h">
      <Filter>src\game</Filter>
    </ClInclude>
    <ClInclude Include="..\Classes\GameStatus.h">
      <Filter>src\game</Filter>
    </ClInclude>
    <ClInclude Include="..\Classes\ResultScene.h">
      <Filter>src\result</Filter>
    </ClInclude>
    <ClInclude Include="..\Classes\ResultLayer.h">
      <Filter>src\result</Filter>
    </ClInclude>
    <ClInclude Include="..\Classes\StringTools.h">
      <Filter>src\tools</Filter>
    </ClInclude>
    <ClInclude Include="..\Classes\Rocker.h">
      <Filter>src\tools</Filter>
    </ClInclude>
    <ClInclude Include="..\Classes\Dream.h">
      <Filter>src\dream</Filter>
    </ClInclude>
    <ClInclude Include="..\Classes\DreamCallback.h">
      <Filter>src\dream</Filter>
    </ClInclude>
    <ClInclude Include="..\Classes\DreamEvent.h">
      <Filter>src\dream</Filter>
    </ClInclude>
    <ClInclude Include="..\Classes\Audio.h">
      <Filter>src\audio</Filter>
    </ClInclude>
    <ClInclude Include="..\Classes\AudioConfig.h">
      <Filter>src\audio</Filter>
    </ClInclude>
  </ItemGroup>
  <ItemGroup>
    <ResourceCompile Include="game.rc">
      <Filter>resource</Filter>
    </ResourceCompile>
  </ItemGroup>
</Project>