// !$*UTF8*$!
{
	archiveVersion = 1;
	classes = {
	};
	objectVersion = 46;
	objects = {

/* Begin PBXBuildFile section */
		1AC6FB21180E996B004C840B /* libcocos2d Mac.a in Frameworks */ = {isa = PBXBuildFile; fileRef = 1AC6FAF9180E9839004C840B /* libcocos2d Mac.a */; };
		1AC6FB30180E99EB004C840B /* libcocos2d iOS.a in Frameworks */ = {isa = PBXBuildFile; fileRef = 1AC6FB07180E9839004C840B /* libcocos2d iOS.a */; };
		1D60589F0D05DD5A006BFB54 /* Foundation.framework in Frameworks */ = {isa = PBXBuildFile; fileRef = 1D30AB110D05D00D00671497 /* Foundation.framework */; };
		1DF5F4E00D08C38300B7A737 /* UIKit.framework in Frameworks */ = {isa = PBXBuildFile; fileRef = 1DF5F4DF0D08C38300B7A737 /* UIKit.framework */; };
		288765A50DF7441C002DB57D /* CoreGraphics.framework in Frameworks */ = {isa = PBXBuildFile; fileRef = 288765A40DF7441C002DB57D /* CoreGraphics.framework */; };
		294D0D641D0D56D500F7F5D4 /* CoreText.framework in Frameworks */ = {isa = PBXBuildFile; fileRef = 294D0D631D0D56D500F7F5D4 /* CoreText.framework */; };
		503AE0F817EB97AB00D1A890 /* Icon.icns in Resources */ = {isa = PBXBuildFile; fileRef = 503AE0F617EB97AB00D1A890 /* Icon.icns */; };
		503AE10017EB989F00D1A890 /* AppController.mm in Sources */ = {isa = PBXBuildFile; fileRef = 503AE0FB17EB989F00D1A890 /* AppController.mm */; };
		503AE10117EB989F00D1A890 /* main.m in Sources */ = {isa = PBXBuildFile; fileRef = 503AE0FC17EB989F00D1A890 /* main.m */; };
		503AE10217EB989F00D1A890 /* RootViewController.mm in Sources */ = {isa = PBXBuildFile; fileRef = 503AE0FF17EB989F00D1A890 /* RootViewController.mm */; };
		503AE10517EB98FF00D1A890 /* main.cpp in Sources */ = {isa = PBXBuildFile; fileRef = 503AE10317EB98FF00D1A890 /* main.cpp */; };
		503AE11B17EB9C5A00D1A890 /* IOKit.framework in Frameworks */ = {isa = PBXBuildFile; fileRef = 503AE11A17EB9C5A00D1A890 /* IOKit.framework */; };
		5087E76317EB910900C73F5D /* Foundation.framework in Frameworks */ = {isa = PBXBuildFile; fileRef = 1D30AB110D05D00D00671497 /* Foundation.framework */; };
		5087E76717EB910900C73F5D /* libz.dylib in Frameworks */ = {isa = PBXBuildFile; fileRef = BF170DB412928DE900B8313A /* libz.dylib */; };
		5087E76817EB910900C73F5D /* QuartzCore.framework in Frameworks */ = {isa = PBXBuildFile; fileRef = BF1C47EA1293683800B63C5D /* QuartzCore.framework */; };
		5087E76917EB910900C73F5D /* OpenAL.framework in Frameworks */ = {isa = PBXBuildFile; fileRef = D44C620B132DFF330009C878 /* OpenAL.framework */; };
		5087E76A17EB910900C73F5D /* AVFoundation.framework in Frameworks */ = {isa = PBXBuildFile; fileRef = D44C620D132DFF430009C878 /* AVFoundation.framework */; };
		5087E76B17EB910900C73F5D /* AudioToolbox.framework in Frameworks */ = {isa = PBXBuildFile; fileRef = D44C620F132DFF4E0009C878 /* AudioToolbox.framework */; };
		5087E77D17EB970100C73F5D /* Default-568h@2x.png in Resources */ = {isa = PBXBuildFile; fileRef = 5087E77217EB970100C73F5D /* Default-568h@2x.png */; };
		5087E77E17EB970100C73F5D /* Default.png in Resources */ = {isa = PBXBuildFile; fileRef = 5087E77317EB970100C73F5D /* Default.png */; };
		5087E77F17EB970100C73F5D /* Default@2x.png in Resources */ = {isa = PBXBuildFile; fileRef = 5087E77417EB970100C73F5D /* Default@2x.png */; };
		5087E78017EB970100C73F5D /* Icon-114.png in Resources */ = {isa = PBXBuildFile; fileRef = 5087E77517EB970100C73F5D /* Icon-114.png */; };
		5087E78117EB970100C73F5D /* Icon-120.png in Resources */ = {isa = PBXBuildFile; fileRef = 5087E77617EB970100C73F5D /* Icon-120.png */; };
		5087E78217EB970100C73F5D /* Icon-144.png in Resources */ = {isa = PBXBuildFile; fileRef = 5087E77717EB970100C73F5D /* Icon-144.png */; };
		5087E78317EB970100C73F5D /* Icon-152.png in Resources */ = {isa = PBXBuildFile; fileRef = 5087E77817EB970100C73F5D /* Icon-152.png */; };
		5087E78417EB970100C73F5D /* Icon-57.png in Resources */ = {isa = PBXBuildFile; fileRef = 5087E77917EB970100C73F5D /* Icon-57.png */; };
		5087E78517EB970100C73F5D /* Icon-72.png in Resources */ = {isa = PBXBuildFile; fileRef = 5087E77A17EB970100C73F5D /* Icon-72.png */; };
		5087E78617EB970100C73F5D /* Icon-76.png in Resources */ = {isa = PBXBuildFile; fileRef = 5087E77B17EB970100C73F5D /* Icon-76.png */; };
		5087E78917EB974C00C73F5D /* AppKit.framework in Frameworks */ = {isa = PBXBuildFile; fileRef = 5087E78817EB974C00C73F5D /* AppKit.framework */; };
		5087E78B17EB975400C73F5D /* OpenGL.framework in Frameworks */ = {isa = PBXBuildFile; fileRef = 5087E78A17EB975400C73F5D /* OpenGL.framework */; };
		50EF629617ECD46A001EB2F8 /* Icon-40.png in Resources */ = {isa = PBXBuildFile; fileRef = 50EF629217ECD46A001EB2F8 /* Icon-40.png */; };
		50EF629717ECD46A001EB2F8 /* Icon-58.png in Resources */ = {isa = PBXBuildFile; fileRef = 50EF629317ECD46A001EB2F8 /* Icon-58.png */; };
		50EF629817ECD46A001EB2F8 /* Icon-80.png in Resources */ = {isa = PBXBuildFile; fileRef = 50EF629417ECD46A001EB2F8 /* Icon-80.png */; };
		50EF629917ECD46A001EB2F8 /* Icon-100.png in Resources */ = {isa = PBXBuildFile; fileRef = 50EF629517ECD46A001EB2F8 /* Icon-100.png */; };
		50EF62A217ECD613001EB2F8 /* Icon-29.png in Resources */ = {isa = PBXBuildFile; fileRef = 50EF62A017ECD613001EB2F8 /* Icon-29.png */; };
		50EF62A317ECD613001EB2F8 /* Icon-50.png in Resources */ = {isa = PBXBuildFile; fileRef = 50EF62A117ECD613001EB2F8 /* Icon-50.png */; };
		521A8E6419F0C34300D177D7 /* Default-667h@2x.png in Resources */ = {isa = PBXBuildFile; fileRef = 521A8E6219F0C34300D177D7 /* Default-667h@2x.png */; };
		521A8E6519F0C34300D177D7 /* Default-736h@3x.png in Resources */ = {isa = PBXBuildFile; fileRef = 521A8E6319F0C34300D177D7 /* Default-736h@3x.png */; };
		52B47A471A53D09C004E4C60 /* Security.framework in Frameworks */ = {isa = PBXBuildFile; fileRef = 52B47A461A53D09B004E4C60 /* Security.framework */; };
		8262943E1AAF051F00CB7CF7 /* Security.framework in Frameworks */ = {isa = PBXBuildFile; fileRef = 8262943D1AAF051F00CB7CF7 /* Security.framework */; };
		BF171245129291EC00B8313A /* OpenGLES.framework in Frameworks */ = {isa = PBXBuildFile; fileRef = BF170DB012928DE900B8313A /* OpenGLES.framework */; };
		BF1712471292920000B8313A /* libz.dylib in Frameworks */ = {isa = PBXBuildFile; fileRef = BF170DB412928DE900B8313A /* libz.dylib */; };
		BF1C47F01293687400B63C5D /* QuartzCore.framework in Frameworks */ = {isa = PBXBuildFile; fileRef = BF1C47EA1293683800B63C5D /* QuartzCore.framework */; };
		D203B46B2122D110001F056C /* skin_btn.png in Resources */ = {isa = PBXBuildFile; fileRef = D203B4332122D10A001F056C /* skin_btn.png */; };
		D203B46C2122D110001F056C /* skin_btn.png in Resources */ = {isa = PBXBuildFile; fileRef = D203B4332122D10A001F056C /* skin_btn.png */; };
		D203B46D2122D110001F056C /* best_record_num.png in Resources */ = {isa = PBXBuildFile; fileRef = D203B4342122D10A001F056C /* best_record_num.png */; };
		D203B46E2122D110001F056C /* best_record_num.png in Resources */ = {isa = PBXBuildFile; fileRef = D203B4342122D10A001F056C /* best_record_num.png */; };
		D203B46F2122D110001F056C /* sound_off.png in Resources */ = {isa = PBXBuildFile; fileRef = D203B4352122D10A001F056C /* sound_off.png */; };
		D203B4702122D110001F056C /* sound_off.png in Resources */ = {isa = PBXBuildFile; fileRef = D203B4352122D10A001F056C /* sound_off.png */; };
		D203B4712122D110001F056C /* finish.png in Resources */ = {isa = PBXBuildFile; fileRef = D203B4362122D10A001F056C /* finish.png */; };
		D203B4722122D110001F056C /* finish.png in Resources */ = {isa = PBXBuildFile; fileRef = D203B4362122D10A001F056C /* finish.png */; };
		D203B4732122D110001F056C /* pause_box.png in Resources */ = {isa = PBXBuildFile; fileRef = D203B4372122D10A001F056C /* pause_box.png */; };
		D203B4742122D110001F056C /* pause_box.png in Resources */ = {isa = PBXBuildFile; fileRef = D203B4372122D10A001F056C /* pause_box.png */; };
		D203B4752122D110001F056C /* result_record.png in Resources */ = {isa = PBXBuildFile; fileRef = D203B4382122D10A001F056C /* result_record.png */; };
		D203B4762122D110001F056C /* result_record.png in Resources */ = {isa = PBXBuildFile; fileRef = D203B4382122D10A001F056C /* result_record.png */; };
		D203B4772122D110001F056C /* pause_continue.png in Resources */ = {isa = PBXBuildFile; fileRef = D203B4392122D10A001F056C /* pause_continue.png */; };
		D203B4782122D110001F056C /* pause_continue.png in Resources */ = {isa = PBXBuildFile; fileRef = D203B4392122D10A001F056C /* pause_continue.png */; };
		D203B4792122D110001F056C /* weib.plist in Resources */ = {isa = PBXBuildFile; fileRef = D203B43A2122D10A001F056C /* weib.plist */; };
		D203B47A2122D110001F056C /* weib.plist in Resources */ = {isa = PBXBuildFile; fileRef = D203B43A2122D10A001F056C /* weib.plist */; };
		D203B47B2122D110001F056C /* gold_2000.png in Resources */ = {isa = PBXBuildFile; fileRef = D203B43B2122D10B001F056C /* gold_2000.png */; };
		D203B47C2122D110001F056C /* gold_2000.png in Resources */ = {isa = PBXBuildFile; fileRef = D203B43B2122D10B001F056C /* gold_2000.png */; };
		D203B47D2122D110001F056C /* plus.png in Resources */ = {isa = PBXBuildFile; fileRef = D203B43C2122D10B001F056C /* plus.png */; };
		D203B47E2122D110001F056C /* plus.png in Resources */ = {isa = PBXBuildFile; fileRef = D203B43C2122D10B001F056C /* plus.png */; };
		D203B47F2122D110001F056C /* wu_5.png in Resources */ = {isa = PBXBuildFile; fileRef = D203B43D2122D10B001F056C /* wu_5.png */; };
		D203B4802122D110001F056C /* wu_5.png in Resources */ = {isa = PBXBuildFile; fileRef = D203B43D2122D10B001F056C /* wu_5.png */; };
		D203B4812122D110001F056C /* res in Resources */ = {isa = PBXBuildFile; fileRef = D203B43E2122D10B001F056C /* res */; };
		D203B4822122D110001F056C /* res in Resources */ = {isa = PBXBuildFile; fileRef = D203B43E2122D10B001F056C /* res */; };
		D203B4832122D110001F056C /* game_name.png in Resources */ = {isa = PBXBuildFile; fileRef = D203B43F2122D10B001F056C /* game_name.png */; };
		D203B4842122D110001F056C /* game_name.png in Resources */ = {isa = PBXBuildFile; fileRef = D203B43F2122D10B001F056C /* game_name.png */; };
		D203B4852122D110001F056C /* gold_5000.png in Resources */ = {isa = PBXBuildFile; fileRef = D203B4402122D10B001F056C /* gold_5000.png */; };
		D203B4862122D110001F056C /* gold_5000.png in Resources */ = {isa = PBXBuildFile; fileRef = D203B4402122D10B001F056C /* gold_5000.png */; };
		D203B4872122D110001F056C /* wu_1.png in Resources */ = {isa = PBXBuildFile; fileRef = D203B4412122D10B001F056C /* wu_1.png */; };
		D203B4882122D110001F056C /* wu_1.png in Resources */ = {isa = PBXBuildFile; fileRef = D203B4412122D10B001F056C /* wu_1.png */; };
		D203B4892122D110001F056C /* start_btn.png in Resources */ = {isa = PBXBuildFile; fileRef = D203B4422122D10B001F056C /* start_btn.png */; };
		D203B48A2122D110001F056C /* start_btn.png in Resources */ = {isa = PBXBuildFile; fileRef = D203B4422122D10B001F056C /* start_btn.png */; };
		D203B48B2122D110001F056C /* result_continue.png in Resources */ = {isa = PBXBuildFile; fileRef = D203B4432122D10B001F056C /* result_continue.png */; };
		D203B48C2122D110001F056C /* result_continue.png in Resources */ = {isa = PBXBuildFile; fileRef = D203B4432122D10B001F056C /* result_continue.png */; };
		D203B48D2122D110001F056C /* yd.png in Resources */ = {isa = PBXBuildFile; fileRef = D203B4442122D10B001F056C /* yd.png */; };
		D203B48E2122D110001F056C /* yd.png in Resources */ = {isa = PBXBuildFile; fileRef = D203B4442122D10B001F056C /* yd.png */; };
		D203B48F2122D110001F056C /* particle_texture_2.png in Resources */ = {isa = PBXBuildFile; fileRef = D203B4452122D10B001F056C /* particle_texture_2.png */; };
		D203B4902122D110001F056C /* particle_texture_2.png in Resources */ = {isa = PBXBuildFile; fileRef = D203B4452122D10B001F056C /* particle_texture_2.png */; };
		D203B4912122D110001F056C /* ChineseWords.plist in Resources */ = {isa = PBXBuildFile; fileRef = D203B4462122D10C001F056C /* ChineseWords.plist */; };
		D203B4922122D110001F056C /* ChineseWords.plist in Resources */ = {isa = PBXBuildFile; fileRef = D203B4462122D10C001F056C /* ChineseWords.plist */; };
		D203B4932122D110001F056C /* pause_restart.png in Resources */ = {isa = PBXBuildFile; fileRef = D203B4472122D10C001F056C /* pause_restart.png */; };
		D203B4942122D110001F056C /* pause_restart.png in Resources */ = {isa = PBXBuildFile; fileRef = D203B4472122D10C001F056C /* pause_restart.png */; };
		D203B4952122D110001F056C /* point.png in Resources */ = {isa = PBXBuildFile; fileRef = D203B4482122D10C001F056C /* point.png */; };
		D203B4962122D110001F056C /* point.png in Resources */ = {isa = PBXBuildFile; fileRef = D203B4482122D10C001F056C /* point.png */; };
		D203B4972122D110001F056C /* gold_1000.png in Resources */ = {isa = PBXBuildFile; fileRef = D203B4492122D10C001F056C /* gold_1000.png */; };
		D203B4982122D110001F056C /* gold_1000.png in Resources */ = {isa = PBXBuildFile; fileRef = D203B4492122D10C001F056C /* gold_1000.png */; };
		D203B4992122D110001F056C /* progress_bg.png in Resources */ = {isa = PBXBuildFile; fileRef = D203B44A2122D10C001F056C /* progress_bg.png */; };
		D203B49A2122D110001F056C /* progress_bg.png in Resources */ = {isa = PBXBuildFile; fileRef = D203B44A2122D10C001F056C /* progress_bg.png */; };
		D203B49B2122D110001F056C /* mu in Resources */ = {isa = PBXBuildFile; fileRef = D203B44B2122D10C001F056C /* mu */; };
		D203B49C2122D110001F056C /* mu in Resources */ = {isa = PBXBuildFile; fileRef = D203B44B2122D10C001F056C /* mu */; };
		D203B49D2122D110001F056C /* gold_100.png in Resources */ = {isa = PBXBuildFile; fileRef = D203B44C2122D10C001F056C /* gold_100.png */; };
		D203B49E2122D110001F056C /* gold_100.png in Resources */ = {isa = PBXBuildFile; fileRef = D203B44C2122D10C001F056C /* gold_100.png */; };
		D203B49F2122D110001F056C /* wu_2.png in Resources */ = {isa = PBXBuildFile; fileRef = D203B44D2122D10C001F056C /* wu_2.png */; };
		D203B4A02122D110001F056C /* wu_2.png in Resources */ = {isa = PBXBuildFile; fileRef = D203B44D2122D10C001F056C /* wu_2.png */; };
		D203B4A12122D110001F056C /* gold_num.png in Resources */ = {isa = PBXBuildFile; fileRef = D203B44E2122D10D001F056C /* gold_num.png */; };
		D203B4A22122D110001F056C /* gold_num.png in Resources */ = {isa = PBXBuildFile; fileRef = D203B44E2122D10D001F056C /* gold_num.png */; };
		D203B4A32122D110001F056C /* main_layer_bg.png in Resources */ = {isa = PBXBuildFile; fileRef = D203B44F2122D10D001F056C /* main_layer_bg.png */; };
		D203B4A42122D110001F056C /* main_layer_bg.png in Resources */ = {isa = PBXBuildFile; fileRef = D203B44F2122D10D001F056C /* main_layer_bg.png */; };
		D203B4A52122D110001F056C /* dream in Resources */ = {isa = PBXBuildFile; fileRef = D203B4502122D10D001F056C /* dream */; };
		D203B4A62122D110001F056C /* dream in Resources */ = {isa = PBXBuildFile; fileRef = D203B4502122D10D001F056C /* dream */; };
		D203B4A72122D110001F056C /* feij.plist in Resources */ = {isa = PBXBuildFile; fileRef = D203B4512122D10D001F056C /* feij.plist */; };
		D203B4A82122D110001F056C /* feij.plist in Resources */ = {isa = PBXBuildFile; fileRef = D203B4512122D10D001F056C /* feij.plist */; };
		D203B4A92122D110001F056C /* loading.png in Resources */ = {isa = PBXBuildFile; fileRef = D203B4522122D10D001F056C /* loading.png */; };
		D203B4AA2122D110001F056C /* loading.png in Resources */ = {isa = PBXBuildFile; fileRef = D203B4522122D10D001F056C /* loading.png */; };
		D203B4AB2122D110001F056C /* result_back.png in Resources */ = {isa = PBXBuildFile; fileRef = D203B4532122D10D001F056C /* result_back.png */; };
		D203B4AC2122D110001F056C /* result_back.png in Resources */ = {isa = PBXBuildFile; fileRef = D203B4532122D10D001F056C /* result_back.png */; };
		D203B4AD2122D110001F056C /* skin_box.png in Resources */ = {isa = PBXBuildFile; fileRef = D203B4542122D10D001F056C /* skin_box.png */; };
		D203B4AE2122D110001F056C /* skin_box.png in Resources */ = {isa = PBXBuildFile; fileRef = D203B4542122D10D001F056C /* skin_box.png */; };
		D203B4AF2122D110001F056C /* fonts in Resources */ = {isa = PBXBuildFile; fileRef = D203B4552122D10D001F056C /* fonts */; };
		D203B4B02122D110001F056C /* fonts in Resources */ = {isa = PBXBuildFile; fileRef = D203B4552122D10D001F056C /* fonts */; };
		D203B4B12122D110001F056C /* best_record.png in Resources */ = {isa = PBXBuildFile; fileRef = D203B4562122D10E001F056C /* best_record.png */; };
		D203B4B22122D110001F056C /* best_record.png in Resources */ = {isa = PBXBuildFile; fileRef = D203B4562122D10E001F056C /* best_record.png */; };
		D203B4B32122D110001F056C /* game_score_plus.png in Resources */ = {isa = PBXBuildFile; fileRef = D203B4572122D10E001F056C /* game_score_plus.png */; };
		D203B4B42122D110001F056C /* game_score_plus.png in Resources */ = {isa = PBXBuildFile; fileRef = D203B4572122D10E001F056C /* game_score_plus.png */; };
		D203B4B52122D110001F056C /* game_bg.png in Resources */ = {isa = PBXBuildFile; fileRef = D203B4582122D10E001F056C /* game_bg.png */; };
		D203B4B62122D110001F056C /* game_bg.png in Resources */ = {isa = PBXBuildFile; fileRef = D203B4582122D10E001F056C /* game_bg.png */; };
		D203B4B72122D110001F056C /* particle_texture.png in Resources */ = {isa = PBXBuildFile; fileRef = D203B4592122D10E001F056C /* particle_texture.png */; };
		D203B4B82122D110001F056C /* particle_texture.png in Resources */ = {isa = PBXBuildFile; fileRef = D203B4592122D10E001F056C /* particle_texture.png */; };
		D203B4B92122D110001F056C /* result_gold.png in Resources */ = {isa = PBXBuildFile; fileRef = D203B45A2122D10E001F056C /* result_gold.png */; };
		D203B4BA2122D110001F056C /* result_gold.png in Resources */ = {isa = PBXBuildFile; fileRef = D203B45A2122D10E001F056C /* result_gold.png */; };
		D203B4BB2122D110001F056C /* used_btn.png in Resources */ = {isa = PBXBuildFile; fileRef = D203B45B2122D10E001F056C /* used_btn.png */; };
		D203B4BC2122D110001F056C /* used_btn.png in Resources */ = {isa = PBXBuildFile; fileRef = D203B45B2122D10E001F056C /* used_btn.png */; };
		D203B4BD2122D110001F056C /* zhujued0.png in Resources */ = {isa = PBXBuildFile; fileRef = D203B45C2122D10E001F056C /* zhujued0.png */; };
		D203B4BE2122D110001F056C /* zhujued0.png in Resources */ = {isa = PBXBuildFile; fileRef = D203B45C2122D10E001F056C /* zhujued0.png */; };
		D203B4BF2122D110001F056C /* progress.png in Resources */ = {isa = PBXBuildFile; fileRef = D203B45D2122D10F001F056C /* progress.png */; };
		D203B4C02122D110001F056C /* progress.png in Resources */ = {isa = PBXBuildFile; fileRef = D203B45D2122D10F001F056C /* progress.png */; };
		D203B4C12122D110001F056C /* pause_home.png in Resources */ = {isa = PBXBuildFile; fileRef = D203B45E2122D10F001F056C /* pause_home.png */; };
		D203B4C22122D110001F056C /* pause_home.png in Resources */ = {isa = PBXBuildFile; fileRef = D203B45E2122D10F001F056C /* pause_home.png */; };
		D203B4C32122D110001F056C /* game_score.png in Resources */ = {isa = PBXBuildFile; fileRef = D203B45F2122D10F001F056C /* game_score.png */; };
		D203B4C42122D110001F056C /* game_score.png in Resources */ = {isa = PBXBuildFile; fileRef = D203B45F2122D10F001F056C /* game_score.png */; };
		D203B4C52122D110001F056C /* pause_btn.png in Resources */ = {isa = PBXBuildFile; fileRef = D203B4602122D10F001F056C /* pause_btn.png */; };
		D203B4C62122D110001F056C /* pause_btn.png in Resources */ = {isa = PBXBuildFile; fileRef = D203B4602122D10F001F056C /* pause_btn.png */; };
		D203B4C72122D110001F056C /* sound_on.png in Resources */ = {isa = PBXBuildFile; fileRef = D203B4612122D10F001F056C /* sound_on.png */; };
		D203B4C82122D110001F056C /* sound_on.png in Resources */ = {isa = PBXBuildFile; fileRef = D203B4612122D10F001F056C /* sound_on.png */; };
		D203B4C92122D110001F056C /* gold_bg.png in Resources */ = {isa = PBXBuildFile; fileRef = D203B4622122D10F001F056C /* gold_bg.png */; };
		D203B4CA2122D110001F056C /* gold_bg.png in Resources */ = {isa = PBXBuildFile; fileRef = D203B4622122D10F001F056C /* gold_bg.png */; };
		D203B4CB2122D110001F056C /* result_box.png in Resources */ = {isa = PBXBuildFile; fileRef = D203B4632122D10F001F056C /* result_box.png */; };
		D203B4CC2122D110001F056C /* result_box.png in Resources */ = {isa = PBXBuildFile; fileRef = D203B4632122D10F001F056C /* result_box.png */; };
		D203B4CD2122D110001F056C /* wu_3.png in Resources */ = {isa = PBXBuildFile; fileRef = D203B4642122D10F001F056C /* wu_3.png */; };
		D203B4CE2122D110001F056C /* wu_3.png in Resources */ = {isa = PBXBuildFile; fileRef = D203B4642122D10F001F056C /* wu_3.png */; };
		D203B4CF2122D110001F056C /* zhujue0.plist in Resources */ = {isa = PBXBuildFile; fileRef = D203B4652122D110001F056C /* zhujue0.plist */; };
		D203B4D02122D110001F056C /* zhujue0.plist in Resources */ = {isa = PBXBuildFile; fileRef = D203B4652122D110001F056C /* zhujue0.plist */; };
		D203B4D12122D110001F056C /* gold_10000.png in Resources */ = {isa = PBXBuildFile; fileRef = D203B4662122D110001F056C /* gold_10000.png */; };
		D203B4D22122D110001F056C /* gold_10000.png in Resources */ = {isa = PBXBuildFile; fileRef = D203B4662122D110001F056C /* gold_10000.png */; };
		D203B4D32122D110001F056C /* close_btn.png in Resources */ = {isa = PBXBuildFile; fileRef = D203B4672122D110001F056C /* close_btn.png */; };
		D203B4D42122D110001F056C /* close_btn.png in Resources */ = {isa = PBXBuildFile; fileRef = D203B4672122D110001F056C /* close_btn.png */; };
		D203B4D52122D110001F056C /* load_bg.png in Resources */ = {isa = PBXBuildFile; fileRef = D203B4682122D110001F056C /* load_bg.png */; };
		D203B4D62122D110001F056C /* load_bg.png in Resources */ = {isa = PBXBuildFile; fileRef = D203B4682122D110001F056C /* load_bg.png */; };
		D203B4D72122D110001F056C /* wu_4.png in Resources */ = {isa = PBXBuildFile; fileRef = D203B4692122D110001F056C /* wu_4.png */; };
		D203B4D82122D110001F056C /* wu_4.png in Resources */ = {isa = PBXBuildFile; fileRef = D203B4692122D110001F056C /* wu_4.png */; };
		D203B4D92122D110001F056C /* use_btn.png in Resources */ = {isa = PBXBuildFile; fileRef = D203B46A2122D110001F056C /* use_btn.png */; };
		D203B4DA2122D110001F056C /* use_btn.png in Resources */ = {isa = PBXBuildFile; fileRef = D203B46A2122D110001F056C /* use_btn.png */; };
		D203B50D2122D131001F056C /* SetingLayer.cpp in Sources */ = {isa = PBXBuildFile; fileRef = D203B4E22122D12C001F056C /* SetingLayer.cpp */; };
		D203B50E2122D131001F056C /* SetingLayer.cpp in Sources */ = {isa = PBXBuildFile; fileRef = D203B4E22122D12C001F056C /* SetingLayer.cpp */; };
		D203B50F2122D131001F056C /* AppDelegate.cpp in Sources */ = {isa = PBXBuildFile; fileRef = D203B4E32122D12C001F056C /* AppDelegate.cpp */; };
		D203B5102122D131001F056C /* AppDelegate.cpp in Sources */ = {isa = PBXBuildFile; fileRef = D203B4E32122D12C001F056C /* AppDelegate.cpp */; };
		D203B5112122D131001F056C /* DreamSecond.cpp in Sources */ = {isa = PBXBuildFile; fileRef = D203B4E52122D12D001F056C /* DreamSecond.cpp */; };
		D203B5122122D131001F056C /* DreamSecond.cpp in Sources */ = {isa = PBXBuildFile; fileRef = D203B4E52122D12D001F056C /* DreamSecond.cpp */; };
		D203B5132122D131001F056C /* Brick.cpp in Sources */ = {isa = PBXBuildFile; fileRef = D203B4E62122D12D001F056C /* Brick.cpp */; };
		D203B5142122D131001F056C /* Brick.cpp in Sources */ = {isa = PBXBuildFile; fileRef = D203B4E62122D12D001F056C /* Brick.cpp */; };
		D203B5152122D131001F056C /* Dream.cpp in Sources */ = {isa = PBXBuildFile; fileRef = D203B4E72122D12D001F056C /* Dream.cpp */; };
		D203B5162122D131001F056C /* Dream.cpp in Sources */ = {isa = PBXBuildFile; fileRef = D203B4E72122D12D001F056C /* Dream.cpp */; };
		D203B5172122D131001F056C /* GuideLayer.cpp in Sources */ = {isa = PBXBuildFile; fileRef = D203B4E82122D12D001F056C /* GuideLayer.cpp */; };
		D203B5182122D131001F056C /* GuideLayer.cpp in Sources */ = {isa = PBXBuildFile; fileRef = D203B4E82122D12D001F056C /* GuideLayer.cpp */; };
		D203B5192122D131001F056C /* Hero.cpp in Sources */ = {isa = PBXBuildFile; fileRef = D203B4EA2122D12D001F056C /* Hero.cpp */; };
		D203B51A2122D131001F056C /* Hero.cpp in Sources */ = {isa = PBXBuildFile; fileRef = D203B4EA2122D12D001F056C /* Hero.cpp */; };
		D203B51B2122D131001F056C /* DreamLayer.cpp in Sources */ = {isa = PBXBuildFile; fileRef = D203B4EB2122D12D001F056C /* DreamLayer.cpp */; };
		D203B51C2122D131001F056C /* DreamLayer.cpp in Sources */ = {isa = PBXBuildFile; fileRef = D203B4EB2122D12D001F056C /* DreamLayer.cpp */; };
		D203B51D2122D131001F056C /* GameScene.cpp in Sources */ = {isa = PBXBuildFile; fileRef = D203B4EE2122D12E001F056C /* GameScene.cpp */; };
		D203B51E2122D131001F056C /* GameScene.cpp in Sources */ = {isa = PBXBuildFile; fileRef = D203B4EE2122D12E001F056C /* GameScene.cpp */; };
		D203B51F2122D131001F056C /* LoadScene.cpp in Sources */ = {isa = PBXBuildFile; fileRef = D203B4F02122D12E001F056C /* LoadScene.cpp */; };
		D203B5202122D131001F056C /* LoadScene.cpp in Sources */ = {isa = PBXBuildFile; fileRef = D203B4F02122D12E001F056C /* LoadScene.cpp */; };
		D203B5212122D131001F056C /* ResultLayer.cpp in Sources */ = {isa = PBXBuildFile; fileRef = D203B4F22122D12E001F056C /* ResultLayer.cpp */; };
		D203B5222122D131001F056C /* ResultLayer.cpp in Sources */ = {isa = PBXBuildFile; fileRef = D203B4F22122D12E001F056C /* ResultLayer.cpp */; };
		D203B5232122D131001F056C /* StringTools.cpp in Sources */ = {isa = PBXBuildFile; fileRef = D203B4F32122D12E001F056C /* StringTools.cpp */; };
		D203B5242122D131001F056C /* StringTools.cpp in Sources */ = {isa = PBXBuildFile; fileRef = D203B4F32122D12E001F056C /* StringTools.cpp */; };
		D203B5252122D131001F056C /* Cloud.cpp in Sources */ = {isa = PBXBuildFile; fileRef = D203B4F42122D12E001F056C /* Cloud.cpp */; };
		D203B5262122D131001F056C /* Cloud.cpp in Sources */ = {isa = PBXBuildFile; fileRef = D203B4F42122D12E001F056C /* Cloud.cpp */; };
		D203B5272122D131001F056C /* PauseLayer.cpp in Sources */ = {isa = PBXBuildFile; fileRef = D203B4F52122D12E001F056C /* PauseLayer.cpp */; };
		D203B5282122D131001F056C /* PauseLayer.cpp in Sources */ = {isa = PBXBuildFile; fileRef = D203B4F52122D12E001F056C /* PauseLayer.cpp */; };
		D203B5292122D131001F056C /* ChineseWorld.cpp in Sources */ = {isa = PBXBuildFile; fileRef = D203B4F62122D12E001F056C /* ChineseWorld.cpp */; };
		D203B52A2122D131001F056C /* ChineseWorld.cpp in Sources */ = {isa = PBXBuildFile; fileRef = D203B4F62122D12E001F056C /* ChineseWorld.cpp */; };
		D203B52B2122D131001F056C /* Audio.cpp in Sources */ = {isa = PBXBuildFile; fileRef = D203B4FD2122D12F001F056C /* Audio.cpp */; };
		D203B52C2122D131001F056C /* Audio.cpp in Sources */ = {isa = PBXBuildFile; fileRef = D203B4FD2122D12F001F056C /* Audio.cpp */; };
		D203B52D2122D131001F056C /* GameStatus.cpp in Sources */ = {isa = PBXBuildFile; fileRef = D203B4FE2122D130001F056C /* GameStatus.cpp */; };
		D203B52E2122D131001F056C /* GameStatus.cpp in Sources */ = {isa = PBXBuildFile; fileRef = D203B4FE2122D130001F056C /* GameStatus.cpp */; };
		D203B52F2122D131001F056C /* Pillar.cpp in Sources */ = {isa = PBXBuildFile; fileRef = D203B5002122D130001F056C /* Pillar.cpp */; };
		D203B5302122D131001F056C /* Pillar.cpp in Sources */ = {isa = PBXBuildFile; fileRef = D203B5002122D130001F056C /* Pillar.cpp */; };
		D203B5312122D131001F056C /* SkinLayer.cpp in Sources */ = {isa = PBXBuildFile; fileRef = D203B5012122D130001F056C /* SkinLayer.cpp */; };
		D203B5322122D131001F056C /* SkinLayer.cpp in Sources */ = {isa = PBXBuildFile; fileRef = D203B5012122D130001F056C /* SkinLayer.cpp */; };
		D203B5332122D131001F056C /* UserData.cpp in Sources */ = {isa = PBXBuildFile; fileRef = D203B5022122D130001F056C /* UserData.cpp */; };
		D203B5342122D131001F056C /* UserData.cpp in Sources */ = {isa = PBXBuildFile; fileRef = D203B5022122D130001F056C /* UserData.cpp */; };
		D203B5352122D131001F056C /* MainLayer.cpp in Sources */ = {isa = PBXBuildFile; fileRef = D203B5042122D130001F056C /* MainLayer.cpp */; };
		D203B5362122D131001F056C /* MainLayer.cpp in Sources */ = {isa = PBXBuildFile; fileRef = D203B5042122D130001F056C /* MainLayer.cpp */; };
		D203B5372122D131001F056C /* GeometryTools.cpp in Sources */ = {isa = PBXBuildFile; fileRef = D203B5072122D131001F056C /* GeometryTools.cpp */; };
		D203B5382122D131001F056C /* GeometryTools.cpp in Sources */ = {isa = PBXBuildFile; fileRef = D203B5072122D131001F056C /* GeometryTools.cpp */; };
		D203B5392122D131001F056C /* DreamCallback.cpp in Sources */ = {isa = PBXBuildFile; fileRef = D203B5082122D131001F056C /* DreamCallback.cpp */; };
		D203B53A2122D131001F056C /* DreamCallback.cpp in Sources */ = {isa = PBXBuildFile; fileRef = D203B5082122D131001F056C /* DreamCallback.cpp */; };
		D203B53B2122D131001F056C /* GameLayer.cpp in Sources */ = {isa = PBXBuildFile; fileRef = D203B50A2122D131001F056C /* GameLayer.cpp */; };
		D203B53C2122D131001F056C /* GameLayer.cpp in Sources */ = {isa = PBXBuildFile; fileRef = D203B50A2122D131001F056C /* GameLayer.cpp */; };
		D44C620C132DFF330009C878 /* OpenAL.framework in Frameworks */ = {isa = PBXBuildFile; fileRef = D44C620B132DFF330009C878 /* OpenAL.framework */; };
		D44C620E132DFF430009C878 /* AVFoundation.framework in Frameworks */ = {isa = PBXBuildFile; fileRef = D44C620D132DFF430009C878 /* AVFoundation.framework */; };
		D44C6210132DFF4E0009C878 /* AudioToolbox.framework in Frameworks */ = {isa = PBXBuildFile; fileRef = D44C620F132DFF4E0009C878 /* AudioToolbox.framework */; };
		D6B0611B1803AB670077942B /* CoreMotion.framework in Frameworks */ = {isa = PBXBuildFile; fileRef = D6B0611A1803AB670077942B /* CoreMotion.framework */; };
		ED545A7C1B68A1F400C3958E /* libiconv.dylib in Frameworks */ = {isa = PBXBuildFile; fileRef = ED545A7B1B68A1F400C3958E /* libiconv.dylib */; };
		ED545A7E1B68A1FA00C3958E /* libiconv.dylib in Frameworks */ = {isa = PBXBuildFile; fileRef = ED545A7D1B68A1FA00C3958E /* libiconv.dylib */; };
/* End PBXBuildFile section */

/* Begin PBXContainerItemProxy section */
		1AC6FAF8180E9839004C840B /* PBXContainerItemProxy */ = {
			isa = PBXContainerItemProxy;
			containerPortal = 1AC6FAE5180E9839004C840B /* cocos2d_libs.xcodeproj */;
			proxyType = 2;
			remoteGlobalIDString = 1551A33F158F2AB200E66CFE;
			remoteInfo = "cocos2dx Mac";
		};
		1AC6FB06180E9839004C840B /* PBXContainerItemProxy */ = {
			isa = PBXContainerItemProxy;
			containerPortal = 1AC6FAE5180E9839004C840B /* cocos2d_libs.xcodeproj */;
			proxyType = 2;
			remoteGlobalIDString = A07A4D641783777C0073F6A7;
			remoteInfo = "cocos2dx iOS";
		};
		1AC6FB15180E9959004C840B /* PBXContainerItemProxy */ = {
			isa = PBXContainerItemProxy;
			containerPortal = 1AC6FAE5180E9839004C840B /* cocos2d_libs.xcodeproj */;
			proxyType = 1;
			remoteGlobalIDString = 1551A33E158F2AB200E66CFE;
			remoteInfo = "cocos2dx Mac";
		};
		1AC6FB24180E99E1004C840B /* PBXContainerItemProxy */ = {
			isa = PBXContainerItemProxy;
			containerPortal = 1AC6FAE5180E9839004C840B /* cocos2d_libs.xcodeproj */;
			proxyType = 1;
			remoteGlobalIDString = A07A4C241783777C0073F6A7;
			remoteInfo = "cocos2dx iOS";
		};
		D2FC593520DF8B79003FBCCE /* PBXContainerItemProxy */ = {
			isa = PBXContainerItemProxy;
			containerPortal = 1AC6FAE5180E9839004C840B /* cocos2d_libs.xcodeproj */;
			proxyType = 2;
			remoteGlobalIDString = 507B40FD1C31BDD30067B53E;
			remoteInfo = "libcocos2d tvOS";
		};
/* End PBXContainerItemProxy section */

/* Begin PBXFileReference section */
		1AC6FAE5180E9839004C840B /* cocos2d_libs.xcodeproj */ = {isa = PBXFileReference; lastKnownFileType = "wrapper.pb-project"; name = cocos2d_libs.xcodeproj; path = ../cocos2d/build/cocos2d_libs.xcodeproj; sourceTree = "<group>"; };
		1ACB3243164770DE00914215 /* libcurl.a */ = {isa = PBXFileReference; lastKnownFileType = archive.ar; name = libcurl.a; path = ../../cocos2dx/platform/third_party/ios/libraries/libcurl.a; sourceTree = "<group>"; };
		1D30AB110D05D00D00671497 /* Foundation.framework */ = {isa = PBXFileReference; lastKnownFileType = wrapper.framework; name = Foundation.framework; path = System/Library/Frameworks/Foundation.framework; sourceTree = SDKROOT; };
		1D6058910D05DD3D006BFB54 /* HappyBall-mobile.app */ = {isa = PBXFileReference; explicitFileType = wrapper.application; includeInIndex = 0; path = "HappyBall-mobile.app"; sourceTree = BUILT_PRODUCTS_DIR; };
		1DF5F4DF0D08C38300B7A737 /* UIKit.framework */ = {isa = PBXFileReference; lastKnownFileType = wrapper.framework; name = UIKit.framework; path = System/Library/Frameworks/UIKit.framework; sourceTree = SDKROOT; };
		288765A40DF7441C002DB57D /* CoreGraphics.framework */ = {isa = PBXFileReference; lastKnownFileType = wrapper.framework; name = CoreGraphics.framework; path = System/Library/Frameworks/CoreGraphics.framework; sourceTree = SDKROOT; };
		294D0D631D0D56D500F7F5D4 /* CoreText.framework */ = {isa = PBXFileReference; lastKnownFileType = wrapper.framework; name = CoreText.framework; path = Platforms/iPhoneOS.platform/Developer/SDKs/iPhoneOS9.3.sdk/System/Library/Frameworks/CoreText.framework; sourceTree = DEVELOPER_DIR; };
		503AE0F617EB97AB00D1A890 /* Icon.icns */ = {isa = PBXFileReference; lastKnownFileType = image.icns; path = Icon.icns; sourceTree = "<group>"; };
		503AE0F717EB97AB00D1A890 /* Info.plist */ = {isa = PBXFileReference; fileEncoding = 4; lastKnownFileType = text.plist.xml; path = Info.plist; sourceTree = "<group>"; };
		503AE0FA17EB989F00D1A890 /* AppController.h */ = {isa = PBXFileReference; fileEncoding = 4; lastKnownFileType = sourcecode.c.h; name = AppController.h; path = ios/AppController.h; sourceTree = SOURCE_ROOT; };
		503AE0FB17EB989F00D1A890 /* AppController.mm */ = {isa = PBXFileReference; fileEncoding = 4; lastKnownFileType = sourcecode.cpp.objcpp; name = AppController.mm; path = ios/AppController.mm; sourceTree = SOURCE_ROOT; };
		503AE0FC17EB989F00D1A890 /* main.m */ = {isa = PBXFileReference; fileEncoding = 4; lastKnownFileType = sourcecode.c.objc; name = main.m; path = ios/main.m; sourceTree = SOURCE_ROOT; };
		503AE0FD17EB989F00D1A890 /* Prefix.pch */ = {isa = PBXFileReference; fileEncoding = 4; lastKnownFileType = sourcecode.c.h; name = Prefix.pch; path = ios/Prefix.pch; sourceTree = SOURCE_ROOT; };
		503AE0FE17EB989F00D1A890 /* RootViewController.h */ = {isa = PBXFileReference; fileEncoding = 4; lastKnownFileType = sourcecode.c.h; name = RootViewController.h; path = ios/RootViewController.h; sourceTree = SOURCE_ROOT; };
		503AE0FF17EB989F00D1A890 /* RootViewController.mm */ = {isa = PBXFileReference; fileEncoding = 4; lastKnownFileType = sourcecode.cpp.objcpp; name = RootViewController.mm; path = ios/RootViewController.mm; sourceTree = SOURCE_ROOT; };
		503AE10317EB98FF00D1A890 /* main.cpp */ = {isa = PBXFileReference; fileEncoding = 4; lastKnownFileType = sourcecode.cpp.cpp; name = main.cpp; path = mac/main.cpp; sourceTree = "<group>"; };
		503AE10417EB98FF00D1A890 /* Prefix.pch */ = {isa = PBXFileReference; fileEncoding = 4; lastKnownFileType = sourcecode.c.h; name = Prefix.pch; path = mac/Prefix.pch; sourceTree = "<group>"; };
		503AE11117EB99EE00D1A890 /* libcurl.dylib */ = {isa = PBXFileReference; lastKnownFileType = "compiled.mach-o.dylib"; name = libcurl.dylib; path = usr/lib/libcurl.dylib; sourceTree = SDKROOT; };
		503AE11A17EB9C5A00D1A890 /* IOKit.framework */ = {isa = PBXFileReference; lastKnownFileType = wrapper.framework; name = IOKit.framework; path = System/Library/Frameworks/IOKit.framework; sourceTree = SDKROOT; };
		5087E76F17EB910900C73F5D /* HappyBall-desktop.app */ = {isa = PBXFileReference; explicitFileType = wrapper.application; includeInIndex = 0; path = "HappyBall-desktop.app"; sourceTree = BUILT_PRODUCTS_DIR; };
		5087E77217EB970100C73F5D /* Default-568h@2x.png */ = {isa = PBXFileReference; lastKnownFileType = image.png; path = "Default-568h@2x.png"; sourceTree = "<group>"; };
		5087E77317EB970100C73F5D /* Default.png */ = {isa = PBXFileReference; lastKnownFileType = image.png; path = Default.png; sourceTree = "<group>"; };
		5087E77417EB970100C73F5D /* Default@2x.png */ = {isa = PBXFileReference; lastKnownFileType = image.png; path = "Default@2x.png"; sourceTree = "<group>"; };
		5087E77517EB970100C73F5D /* Icon-114.png */ = {isa = PBXFileReference; lastKnownFileType = image.png; path = "Icon-114.png"; sourceTree = "<group>"; };
		5087E77617EB970100C73F5D /* Icon-120.png */ = {isa = PBXFileReference; lastKnownFileType = image.png; path = "Icon-120.png"; sourceTree = "<group>"; };
		5087E77717EB970100C73F5D /* Icon-144.png */ = {isa = PBXFileReference; lastKnownFileType = image.png; path = "Icon-144.png"; sourceTree = "<group>"; };
		5087E77817EB970100C73F5D /* Icon-152.png */ = {isa = PBXFileReference; lastKnownFileType = image.png; path = "Icon-152.png"; sourceTree = "<group>"; };
		5087E77917EB970100C73F5D /* Icon-57.png */ = {isa = PBXFileReference; lastKnownFileType = image.png; path = "Icon-57.png"; sourceTree = "<group>"; };
		5087E77A17EB970100C73F5D /* Icon-72.png */ = {isa = PBXFileReference; lastKnownFileType = image.png; path = "Icon-72.png"; sourceTree = "<group>"; };
		5087E77B17EB970100C73F5D /* Icon-76.png */ = {isa = PBXFileReference; lastKnownFileType = image.png; path = "Icon-76.png"; sourceTree = "<group>"; };
		5087E77C17EB970100C73F5D /* Info.plist */ = {isa = PBXFileReference; fileEncoding = 4; lastKnownFileType = text.plist.xml; path = Info.plist; sourceTree = "<group>"; };
		5087E78817EB974C00C73F5D /* AppKit.framework */ = {isa = PBXFileReference; lastKnownFileType = wrapper.framework; name = AppKit.framework; path = System/Library/Frameworks/AppKit.framework; sourceTree = SDKROOT; };
		5087E78A17EB975400C73F5D /* OpenGL.framework */ = {isa = PBXFileReference; lastKnownFileType = wrapper.framework; name = OpenGL.framework; path = System/Library/Frameworks/OpenGL.framework; sourceTree = SDKROOT; };
		50EF629217ECD46A001EB2F8 /* Icon-40.png */ = {isa = PBXFileReference; lastKnownFileType = image.png; path = "Icon-40.png"; sourceTree = "<group>"; };
		50EF629317ECD46A001EB2F8 /* Icon-58.png */ = {isa = PBXFileReference; lastKnownFileType = image.png; path = "Icon-58.png"; sourceTree = "<group>"; };
		50EF629417ECD46A001EB2F8 /* Icon-80.png */ = {isa = PBXFileReference; lastKnownFileType = image.png; path = "Icon-80.png"; sourceTree = "<group>"; };
		50EF629517ECD46A001EB2F8 /* Icon-100.png */ = {isa = PBXFileReference; lastKnownFileType = image.png; path = "Icon-100.png"; sourceTree = "<group>"; };
		50EF62A017ECD613001EB2F8 /* Icon-29.png */ = {isa = PBXFileReference; lastKnownFileType = image.png; path = "Icon-29.png"; sourceTree = "<group>"; };
		50EF62A117ECD613001EB2F8 /* Icon-50.png */ = {isa = PBXFileReference; lastKnownFileType = image.png; path = "Icon-50.png"; sourceTree = "<group>"; };
		521A8E6219F0C34300D177D7 /* Default-667h@2x.png */ = {isa = PBXFileReference; lastKnownFileType = image.png; path = "Default-667h@2x.png"; sourceTree = "<group>"; };
		521A8E6319F0C34300D177D7 /* Default-736h@3x.png */ = {isa = PBXFileReference; lastKnownFileType = image.png; path = "Default-736h@3x.png"; sourceTree = "<group>"; };
		52B47A461A53D09B004E4C60 /* Security.framework */ = {isa = PBXFileReference; lastKnownFileType = wrapper.framework; name = Security.framework; path = Platforms/iPhoneOS.platform/Developer/SDKs/iPhoneOS8.1.sdk/System/Library/Frameworks/Security.framework; sourceTree = DEVELOPER_DIR; };
		8262943D1AAF051F00CB7CF7 /* Security.framework */ = {isa = PBXFileReference; lastKnownFileType = wrapper.framework; name = Security.framework; path = System/Library/Frameworks/Security.framework; sourceTree = SDKROOT; };
		BF170DB012928DE900B8313A /* OpenGLES.framework */ = {isa = PBXFileReference; lastKnownFileType = wrapper.framework; name = OpenGLES.framework; path = System/Library/Frameworks/OpenGLES.framework; sourceTree = SDKROOT; };
		BF170DB412928DE900B8313A /* libz.dylib */ = {isa = PBXFileReference; lastKnownFileType = "compiled.mach-o.dylib"; name = libz.dylib; path = usr/lib/libz.dylib; sourceTree = SDKROOT; };
		BF1C47EA1293683800B63C5D /* QuartzCore.framework */ = {isa = PBXFileReference; lastKnownFileType = wrapper.framework; name = QuartzCore.framework; path = System/Library/Frameworks/QuartzCore.framework; sourceTree = SDKROOT; };
		D203B4332122D10A001F056C /* skin_btn.png */ = {isa = PBXFileReference; lastKnownFileType = image.png; path = skin_btn.png; sourceTree = "<group>"; };
		D203B4342122D10A001F056C /* best_record_num.png */ = {isa = PBXFileReference; lastKnownFileType = image.png; path = best_record_num.png; sourceTree = "<group>"; };
		D203B4352122D10A001F056C /* sound_off.png */ = {isa = PBXFileReference; lastKnownFileType = image.png; path = sound_off.png; sourceTree = "<group>"; };
		D203B4362122D10A001F056C /* finish.png */ = {isa = PBXFileReference; lastKnownFileType = image.png; path = finish.png; sourceTree = "<group>"; };
		D203B4372122D10A001F056C /* pause_box.png */ = {isa = PBXFileReference; lastKnownFileType = image.png; path = pause_box.png; sourceTree = "<group>"; };
		D203B4382122D10A001F056C /* result_record.png */ = {isa = PBXFileReference; lastKnownFileType = image.png; path = result_record.png; sourceTree = "<group>"; };
		D203B4392122D10A001F056C /* pause_continue.png */ = {isa = PBXFileReference; lastKnownFileType = image.png; path = pause_continue.png; sourceTree = "<group>"; };
		D203B43A2122D10A001F056C /* weib.plist */ = {isa = PBXFileReference; fileEncoding = 4; lastKnownFileType = text.plist.xml; path = weib.plist; sourceTree = "<group>"; };
		D203B43B2122D10B001F056C /* gold_2000.png */ = {isa = PBXFileReference; lastKnownFileType = image.png; path = gold_2000.png; sourceTree = "<group>"; };
		D203B43C2122D10B001F056C /* plus.png */ = {isa = PBXFileReference; lastKnownFileType = image.png; path = plus.png; sourceTree = "<group>"; };
		D203B43D2122D10B001F056C /* wu_5.png */ = {isa = PBXFileReference; lastKnownFileType = image.png; path = wu_5.png; sourceTree = "<group>"; };
		D203B43E2122D10B001F056C /* res */ = {isa = PBXFileReference; lastKnownFileType = folder; path = res; sourceTree = "<group>"; };
		D203B43F2122D10B001F056C /* game_name.png */ = {isa = PBXFileReference; lastKnownFileType = image.png; path = game_name.png; sourceTree = "<group>"; };
		D203B4402122D10B001F056C /* gold_5000.png */ = {isa = PBXFileReference; lastKnownFileType = image.png; path = gold_5000.png; sourceTree = "<group>"; };
		D203B4412122D10B001F056C /* wu_1.png */ = {isa = PBXFileReference; lastKnownFileType = image.png; path = wu_1.png; sourceTree = "<group>"; };
		D203B4422122D10B001F056C /* start_btn.png */ = {isa = PBXFileReference; lastKnownFileType = image.png; path = start_btn.png; sourceTree = "<group>"; };
		D203B4432122D10B001F056C /* result_continue.png */ = {isa = PBXFileReference; lastKnownFileType = image.png; path = result_continue.png; sourceTree = "<group>"; };
		D203B4442122D10B001F056C /* yd.png */ = {isa = PBXFileReference; lastKnownFileType = image.png; path = yd.png; sourceTree = "<group>"; };
		D203B4452122D10B001F056C /* particle_texture_2.png */ = {isa = PBXFileReference; lastKnownFileType = image.png; path = particle_texture_2.png; sourceTree = "<group>"; };
		D203B4462122D10C001F056C /* ChineseWords.plist */ = {isa = PBXFileReference; fileEncoding = 4; lastKnownFileType = text.plist.xml; path = ChineseWords.plist; sourceTree = "<group>"; };
		D203B4472122D10C001F056C /* pause_restart.png */ = {isa = PBXFileReference; lastKnownFileType = image.png; path = pause_restart.png; sourceTree = "<group>"; };
		D203B4482122D10C001F056C /* point.png */ = {isa = PBXFileReference; lastKnownFileType = image.png; path = point.png; sourceTree = "<group>"; };
		D203B4492122D10C001F056C /* gold_1000.png */ = {isa = PBXFileReference; lastKnownFileType = image.png; path = gold_1000.png; sourceTree = "<group>"; };
		D203B44A2122D10C001F056C /* progress_bg.png */ = {isa = PBXFileReference; lastKnownFileType = image.png; path = progress_bg.png; sourceTree = "<group>"; };
		D203B44B2122D10C001F056C /* mu */ = {isa = PBXFileReference; lastKnownFileType = folder; path = mu; sourceTree = "<group>"; };
		D203B44C2122D10C001F056C /* gold_100.png */ = {isa = PBXFileReference; lastKnownFileType = image.png; path = gold_100.png; sourceTree = "<group>"; };
		D203B44D2122D10C001F056C /* wu_2.png */ = {isa = PBXFileReference; lastKnownFileType = image.png; path = wu_2.png; sourceTree = "<group>"; };
		D203B44E2122D10D001F056C /* gold_num.png */ = {isa = PBXFileReference; lastKnownFileType = image.png; path = gold_num.png; sourceTree = "<group>"; };
		D203B44F2122D10D001F056C /* main_layer_bg.png */ = {isa = PBXFileReference; lastKnownFileType = image.png; path = main_layer_bg.png; sourceTree = "<group>"; };
		D203B4502122D10D001F056C /* dream */ = {isa = PBXFileReference; lastKnownFileType = folder; path = dream; sourceTree = "<group>"; };
		D203B4512122D10D001F056C /* feij.plist */ = {isa = PBXFileReference; fileEncoding = 4; lastKnownFileType = text.plist.xml; path = feij.plist; sourceTree = "<group>"; };
		D203B4522122D10D001F056C /* loading.png */ = {isa = PBXFileReference; lastKnownFileType = image.png; path = loading.png; sourceTree = "<group>"; };
		D203B4532122D10D001F056C /* result_back.png */ = {isa = PBXFileReference; lastKnownFileType = image.png; path = result_back.png; sourceTree = "<group>"; };
		D203B4542122D10D001F056C /* skin_box.png */ = {isa = PBXFileReference; lastKnownFileType = image.png; path = skin_box.png; sourceTree = "<group>"; };
		D203B4552122D10D001F056C /* fonts */ = {isa = PBXFileReference; lastKnownFileType = folder; path = fonts; sourceTree = "<group>"; };
		D203B4562122D10E001F056C /* best_record.png */ = {isa = PBXFileReference; lastKnownFileType = image.png; path = best_record.png; sourceTree = "<group>"; };
		D203B4572122D10E001F056C /* game_score_plus.png */ = {isa = PBXFileReference; lastKnownFileType = image.png; path = game_score_plus.png; sourceTree = "<group>"; };
		D203B4582122D10E001F056C /* game_bg.png */ = {isa = PBXFileReference; lastKnownFileType = image.png; path = game_bg.png; sourceTree = "<group>"; };
		D203B4592122D10E001F056C /* particle_texture.png */ = {isa = PBXFileReference; lastKnownFileType = image.png; path = particle_texture.png; sourceTree = "<group>"; };
		D203B45A2122D10E001F056C /* result_gold.png */ = {isa = PBXFileReference; lastKnownFileType = image.png; path = result_gold.png; sourceTree = "<group>"; };
		D203B45B2122D10E001F056C /* used_btn.png */ = {isa = PBXFileReference; lastKnownFileType = image.png; path = used_btn.png; sourceTree = "<group>"; };
		D203B45C2122D10E001F056C /* zhujued0.png */ = {isa = PBXFileReference; lastKnownFileType = image.png; path = zhujued0.png; sourceTree = "<group>"; };
		D203B45D2122D10F001F056C /* progress.png */ = {isa = PBXFileReference; lastKnownFileType = image.png; path = progress.png; sourceTree = "<group>"; };
		D203B45E2122D10F001F056C /* pause_home.png */ = {isa = PBXFileReference; lastKnownFileType = image.png; path = pause_home.png; sourceTree = "<group>"; };
		D203B45F2122D10F001F056C /* game_score.png */ = {isa = PBXFileReference; lastKnownFileType = image.png; path = game_score.png; sourceTree = "<group>"; };
		D203B4602122D10F001F056C /* pause_btn.png */ = {isa = PBXFileReference; lastKnownFileType = image.png; path = pause_btn.png; sourceTree = "<group>"; };
		D203B4612122D10F001F056C /* sound_on.png */ = {isa = PBXFileReference; lastKnownFileType = image.png; path = sound_on.png; sourceTree = "<group>"; };
		D203B4622122D10F001F056C /* gold_bg.png */ = {isa = PBXFileReference; lastKnownFileType = image.png; path = gold_bg.png; sourceTree = "<group>"; };
		D203B4632122D10F001F056C /* result_box.png */ = {isa = PBXFileReference; lastKnownFileType = image.png; path = result_box.png; sourceTree = "<group>"; };
		D203B4642122D10F001F056C /* wu_3.png */ = {isa = PBXFileReference; lastKnownFileType = image.png; path = wu_3.png; sourceTree = "<group>"; };
		D203B4652122D110001F056C /* zhujue0.plist */ = {isa = PBXFileReference; fileEncoding = 4; lastKnownFileType = text.plist.xml; path = zhujue0.plist; sourceTree = "<group>"; };
		D203B4662122D110001F056C /* gold_10000.png */ = {isa = PBXFileReference; lastKnownFileType = image.png; path = gold_10000.png; sourceTree = "<group>"; };
		D203B4672122D110001F056C /* close_btn.png */ = {isa = PBXFileReference; lastKnownFileType = image.png; path = close_btn.png; sourceTree = "<group>"; };
		D203B4682122D110001F056C /* load_bg.png */ = {isa = PBXFileReference; lastKnownFileType = image.png; path = load_bg.png; sourceTree = "<group>"; };
		D203B4692122D110001F056C /* wu_4.png */ = {isa = PBXFileReference; lastKnownFileType = image.png; path = wu_4.png; sourceTree = "<group>"; };
		D203B46A2122D110001F056C /* use_btn.png */ = {isa = PBXFileReference; lastKnownFileType = image.png; path = use_btn.png; sourceTree = "<group>"; };
		D203B4DB2122D12C001F056C /* Pillar.h */ = {isa = PBXFileReference; fileEncoding = 4; lastKnownFileType = sourcecode.c.h; path = Pillar.h; sourceTree = "<group>"; };
		D203B4DC2122D12C001F056C /* GameLayer.h */ = {isa = PBXFileReference; fileEncoding = 4; lastKnownFileType = sourcecode.c.h; path = GameLayer.h; sourceTree = "<group>"; };
		D203B4DD2122D12C001F056C /* DreamCallback.h */ = {isa = PBXFileReference; fileEncoding = 4; lastKnownFileType = sourcecode.c.h; path = DreamCallback.h; sourceTree = "<group>"; };
		D203B4DE2122D12C001F056C /* Cloud.h */ = {isa = PBXFileReference; fileEncoding = 4; lastKnownFileType = sourcecode.c.h; path = Cloud.h; sourceTree = "<group>"; };
		D203B4DF2122D12C001F056C /* Dream.h */ = {isa = PBXFileReference; fileEncoding = 4; lastKnownFileType = sourcecode.c.h; path = Dream.h; sourceTree = "<group>"; };
		D203B4E02122D12C001F056C /* UserData.h */ = {isa = PBXFileReference; fileEncoding = 4; lastKnownFileType = sourcecode.c.h; path = UserData.h; sourceTree = "<group>"; };
		D203B4E12122D12C001F056C /* GameStatus.h */ = {isa = PBXFileReference; fileEncoding = 4; lastKnownFileType = sourcecode.c.h; path = GameStatus.h; sourceTree = "<group>"; };
		D203B4E22122D12C001F056C /* SetingLayer.cpp */ = {isa = PBXFileReference; fileEncoding = 4; lastKnownFileType = sourcecode.cpp.cpp; path = SetingLayer.cpp; sourceTree = "<group>"; };
		D203B4E32122D12C001F056C /* AppDelegate.cpp */ = {isa = PBXFileReference; fileEncoding = 4; lastKnownFileType = sourcecode.cpp.cpp; path = AppDelegate.cpp; sourceTree = "<group>"; };
		D203B4E42122D12C001F056C /* AppDelegate.h */ = {isa = PBXFileReference; fileEncoding = 4; lastKnownFileType = sourcecode.c.h; path = AppDelegate.h; sourceTree = "<group>"; };
		D203B4E52122D12D001F056C /* DreamSecond.cpp */ = {isa = PBXFileReference; fileEncoding = 4; lastKnownFileType = sourcecode.cpp.cpp; path = DreamSecond.cpp; sourceTree = "<group>"; };
		D203B4E62122D12D001F056C /* Brick.cpp */ = {isa = PBXFileReference; fileEncoding = 4; lastKnownFileType = sourcecode.cpp.cpp; path = Brick.cpp; sourceTree = "<group>"; };
		D203B4E72122D12D001F056C /* Dream.cpp */ = {isa = PBXFileReference; fileEncoding = 4; lastKnownFileType = sourcecode.cpp.cpp; path = Dream.cpp; sourceTree = "<group>"; };
		D203B4E82122D12D001F056C /* GuideLayer.cpp */ = {isa = PBXFileReference; fileEncoding = 4; lastKnownFileType = sourcecode.cpp.cpp; path = GuideLayer.cpp; sourceTree = "<group>"; };
		D203B4E92122D12D001F056C /* LoadScene.h */ = {isa = PBXFileReference; fileEncoding = 4; lastKnownFileType = sourcecode.c.h; path = LoadScene.h; sourceTree = "<group>"; };
		D203B4EA2122D12D001F056C /* Hero.cpp */ = {isa = PBXFileReference; fileEncoding = 4; lastKnownFileType = sourcecode.cpp.cpp; path = Hero.cpp; sourceTree = "<group>"; };
		D203B4EB2122D12D001F056C /* DreamLayer.cpp */ = {isa = PBXFileReference; fileEncoding = 4; lastKnownFileType = sourcecode.cpp.cpp; path = DreamLayer.cpp; sourceTree = "<group>"; };
		D203B4EC2122D12D001F056C /* GeometryTools.h */ = {isa = PBXFileReference; fileEncoding = 4; lastKnownFileType = sourcecode.c.h; path = GeometryTools.h; sourceTree = "<group>"; };
		D203B4ED2122D12D001F056C /* SetingLayer.h */ = {isa = PBXFileReference; fileEncoding = 4; lastKnownFileType = sourcecode.c.h; path = SetingLayer.h; sourceTree = "<group>"; };
		D203B4EE2122D12E001F056C /* GameScene.cpp */ = {isa = PBXFileReference; fileEncoding = 4; lastKnownFileType = sourcecode.cpp.cpp; path = GameScene.cpp; sourceTree = "<group>"; };
		D203B4EF2122D12E001F056C /* MainLayer.h */ = {isa = PBXFileReference; fileEncoding = 4; lastKnownFileType = sourcecode.c.h; path = MainLayer.h; sourceTree = "<group>"; };
		D203B4F02122D12E001F056C /* LoadScene.cpp */ = {isa = PBXFileReference; fileEncoding = 4; lastKnownFileType = sourcecode.cpp.cpp; path = LoadScene.cpp; sourceTree = "<group>"; };
		D203B4F12122D12E001F056C /* PauseLayer.h */ = {isa = PBXFileReference; fileEncoding = 4; lastKnownFileType = sourcecode.c.h; path = PauseLayer.h; sourceTree = "<group>"; };
		D203B4F22122D12E001F056C /* ResultLayer.cpp */ = {isa = PBXFileReference; fileEncoding = 4; lastKnownFileType = sourcecode.cpp.cpp; path = ResultLayer.cpp; sourceTree = "<group>"; };
		D203B4F32122D12E001F056C /* StringTools.cpp */ = {isa = PBXFileReference; fileEncoding = 4; lastKnownFileType = sourcecode.cpp.cpp; path = StringTools.cpp; sourceTree = "<group>"; };
		D203B4F42122D12E001F056C /* Cloud.cpp */ = {isa = PBXFileReference; fileEncoding = 4; lastKnownFileType = sourcecode.cpp.cpp; path = Cloud.cpp; sourceTree = "<group>"; };
		D203B4F52122D12E001F056C /* PauseLayer.cpp */ = {isa = PBXFileReference; fileEncoding = 4; lastKnownFileType = sourcecode.cpp.cpp; path = PauseLayer.cpp; sourceTree = "<group>"; };
		D203B4F62122D12E001F056C /* ChineseWorld.cpp */ = {isa = PBXFileReference; fileEncoding = 4; lastKnownFileType = sourcecode.cpp.cpp; path = ChineseWorld.cpp; sourceTree = "<group>"; };
		D203B4F72122D12F001F056C /* AudioConfig.h */ = {isa = PBXFileReference; fileEncoding = 4; lastKnownFileType = sourcecode.c.h; path = AudioConfig.h; sourceTree = "<group>"; };
		D203B4F82122D12F001F056C /* GameScene.h */ = {isa = PBXFileReference; fileEncoding = 4; lastKnownFileType = sourcecode.c.h; path = GameScene.h; sourceTree = "<group>"; };
		D203B4F92122D12F001F056C /* StringTools.h */ = {isa = PBXFileReference; fileEncoding = 4; lastKnownFileType = sourcecode.c.h; path = StringTools.h; sourceTree = "<group>"; };
		D203B4FA2122D12F001F056C /* Brick.h */ = {isa = PBXFileReference; fileEncoding = 4; lastKnownFileType = sourcecode.c.h; path = Brick.h; sourceTree = "<group>"; };
		D203B4FB2122D12F001F056C /* ResultLayer.h */ = {isa = PBXFileReference; fileEncoding = 4; lastKnownFileType = sourcecode.c.h; path = ResultLayer.h; sourceTree = "<group>"; };
		D203B4FC2122D12F001F056C /* ChineseWorld.h */ = {isa = PBXFileReference; fileEncoding = 4; lastKnownFileType = sourcecode.c.h; path = ChineseWorld.h; sourceTree = "<group>"; };
		D203B4FD2122D12F001F056C /* Audio.cpp */ = {isa = PBXFileReference; fileEncoding = 4; lastKnownFileType = sourcecode.cpp.cpp; path = Audio.cpp; sourceTree = "<group>"; };
		D203B4FE2122D130001F056C /* GameStatus.cpp */ = {isa = PBXFileReference; fileEncoding = 4; lastKnownFileType = sourcecode.cpp.cpp; path = GameStatus.cpp; sourceTree = "<group>"; };
		D203B4FF2122D130001F056C /* DreamSecond.h */ = {isa = PBXFileReference; fileEncoding = 4; lastKnownFileType = sourcecode.c.h; path = DreamSecond.h; sourceTree = "<group>"; };
		D203B5002122D130001F056C /* Pillar.cpp */ = {isa = PBXFileReference; fileEncoding = 4; lastKnownFileType = sourcecode.cpp.cpp; path = Pillar.cpp; sourceTree = "<group>"; };
		D203B5012122D130001F056C /* SkinLayer.cpp */ = {isa = PBXFileReference; fileEncoding = 4; lastKnownFileType = sourcecode.cpp.cpp; path = SkinLayer.cpp; sourceTree = "<group>"; };
		D203B5022122D130001F056C /* UserData.cpp */ = {isa = PBXFileReference; fileEncoding = 4; lastKnownFileType = sourcecode.cpp.cpp; path = UserData.cpp; sourceTree = "<group>"; };
		D203B5032122D130001F056C /* Hero.h */ = {isa = PBXFileReference; fileEncoding = 4; lastKnownFileType = sourcecode.c.h; path = Hero.h; sourceTree = "<group>"; };
		D203B5042122D130001F056C /* MainLayer.cpp */ = {isa = PBXFileReference; fileEncoding = 4; lastKnownFileType = sourcecode.cpp.cpp; path = MainLayer.cpp; sourceTree = "<group>"; };
		D203B5052122D130001F056C /* SkinLayer.h */ = {isa = PBXFileReference; fileEncoding = 4; lastKnownFileType = sourcecode.c.h; path = SkinLayer.h; sourceTree = "<group>"; };
		D203B5062122D131001F056C /* DreamEvent.h */ = {isa = PBXFileReference; fileEncoding = 4; lastKnownFileType = sourcecode.c.h; path = DreamEvent.h; sourceTree = "<group>"; };
		D203B5072122D131001F056C /* GeometryTools.cpp */ = {isa = PBXFileReference; fileEncoding = 4; lastKnownFileType = sourcecode.cpp.cpp; path = GeometryTools.cpp; sourceTree = "<group>"; };
		D203B5082122D131001F056C /* DreamCallback.cpp */ = {isa = PBXFileReference; fileEncoding = 4; lastKnownFileType = sourcecode.cpp.cpp; path = DreamCallback.cpp; sourceTree = "<group>"; };
		D203B5092122D131001F056C /* GuideLayer.h */ = {isa = PBXFileReference; fileEncoding = 4; lastKnownFileType = sourcecode.c.h; path = GuideLayer.h; sourceTree = "<group>"; };
		D203B50A2122D131001F056C /* GameLayer.cpp */ = {isa = PBXFileReference; fileEncoding = 4; lastKnownFileType = sourcecode.cpp.cpp; path = GameLayer.cpp; sourceTree = "<group>"; };
		D203B50B2122D131001F056C /* Audio.h */ = {isa = PBXFileReference; fileEncoding = 4; lastKnownFileType = sourcecode.c.h; path = Audio.h; sourceTree = "<group>"; };
		D203B50C2122D131001F056C /* DreamLayer.h */ = {isa = PBXFileReference; fileEncoding = 4; lastKnownFileType = sourcecode.c.h; path = DreamLayer.h; sourceTree = "<group>"; };
		D44C620B132DFF330009C878 /* OpenAL.framework */ = {isa = PBXFileReference; lastKnownFileType = wrapper.framework; name = OpenAL.framework; path = System/Library/Frameworks/OpenAL.framework; sourceTree = SDKROOT; };
		D44C620D132DFF430009C878 /* AVFoundation.framework */ = {isa = PBXFileReference; lastKnownFileType = wrapper.framework; name = AVFoundation.framework; path = System/Library/Frameworks/AVFoundation.framework; sourceTree = SDKROOT; };
		D44C620F132DFF4E0009C878 /* AudioToolbox.framework */ = {isa = PBXFileReference; lastKnownFileType = wrapper.framework; name = AudioToolbox.framework; path = System/Library/Frameworks/AudioToolbox.framework; sourceTree = SDKROOT; };
		D6B0611A1803AB670077942B /* CoreMotion.framework */ = {isa = PBXFileReference; lastKnownFileType = wrapper.framework; name = CoreMotion.framework; path = Platforms/iPhoneOS.platform/Developer/SDKs/iPhoneOS7.0.sdk/System/Library/Frameworks/CoreMotion.framework; sourceTree = DEVELOPER_DIR; };
		ED545A7B1B68A1F400C3958E /* libiconv.dylib */ = {isa = PBXFileReference; lastKnownFileType = "compiled.mach-o.dylib"; name = libiconv.dylib; path = Platforms/iPhoneOS.platform/Developer/SDKs/iPhoneOS8.4.sdk/usr/lib/libiconv.dylib; sourceTree = DEVELOPER_DIR; };
		ED545A7D1B68A1FA00C3958E /* libiconv.dylib */ = {isa = PBXFileReference; lastKnownFileType = "compiled.mach-o.dylib"; name = libiconv.dylib; path = usr/lib/libiconv.dylib; sourceTree = SDKROOT; };
/* End PBXFileReference section */

/* Begin PBXFrameworksBuildPhase section */
		1D60588F0D05DD3D006BFB54 /* Frameworks */ = {
			isa = PBXFrameworksBuildPhase;
			buildActionMask = 2147483647;
			files = (
				294D0D641D0D56D500F7F5D4 /* CoreText.framework in Frameworks */,
				ED545A7C1B68A1F400C3958E /* libiconv.dylib in Frameworks */,
				52B47A471A53D09C004E4C60 /* Security.framework in Frameworks */,
				1AC6FB30180E99EB004C840B /* libcocos2d iOS.a in Frameworks */,
				D6B0611B1803AB670077942B /* CoreMotion.framework in Frameworks */,
				1D60589F0D05DD5A006BFB54 /* Foundation.framework in Frameworks */,
				1DF5F4E00D08C38300B7A737 /* UIKit.framework in Frameworks */,
				288765A50DF7441C002DB57D /* CoreGraphics.framework in Frameworks */,
				BF171245129291EC00B8313A /* OpenGLES.framework in Frameworks */,
				BF1712471292920000B8313A /* libz.dylib in Frameworks */,
				BF1C47F01293687400B63C5D /* QuartzCore.framework in Frameworks */,
				D44C620C132DFF330009C878 /* OpenAL.framework in Frameworks */,
				D44C620E132DFF430009C878 /* AVFoundation.framework in Frameworks */,
				D44C6210132DFF4E0009C878 /* AudioToolbox.framework in Frameworks */,
			);
			runOnlyForDeploymentPostprocessing = 0;
		};
		5087E75C17EB910900C73F5D /* Frameworks */ = {
			isa = PBXFrameworksBuildPhase;
			buildActionMask = 2147483647;
			files = (
				ED545A7E1B68A1FA00C3958E /* libiconv.dylib in Frameworks */,
				1AC6FB21180E996B004C840B /* libcocos2d Mac.a in Frameworks */,
				5087E76717EB910900C73F5D /* libz.dylib in Frameworks */,
				8262943E1AAF051F00CB7CF7 /* Security.framework in Frameworks */,
				503AE11B17EB9C5A00D1A890 /* IOKit.framework in Frameworks */,
				5087E78B17EB975400C73F5D /* OpenGL.framework in Frameworks */,
				5087E78917EB974C00C73F5D /* AppKit.framework in Frameworks */,
				5087E76317EB910900C73F5D /* Foundation.framework in Frameworks */,
				5087E76817EB910900C73F5D /* QuartzCore.framework in Frameworks */,
				5087E76917EB910900C73F5D /* OpenAL.framework in Frameworks */,
				5087E76A17EB910900C73F5D /* AVFoundation.framework in Frameworks */,
				5087E76B17EB910900C73F5D /* AudioToolbox.framework in Frameworks */,
			);
			runOnlyForDeploymentPostprocessing = 0;
		};
/* End PBXFrameworksBuildPhase section */

/* Begin PBXGroup section */
		080E96DDFE201D6D7F000001 /* ios */ = {
			isa = PBXGroup;
			children = (
				5087E77117EB970100C73F5D /* Icons */,
				503AE0FA17EB989F00D1A890 /* AppController.h */,
				503AE0FB17EB989F00D1A890 /* AppController.mm */,
				503AE0FC17EB989F00D1A890 /* main.m */,
				503AE0FD17EB989F00D1A890 /* Prefix.pch */,
				503AE0FE17EB989F00D1A890 /* RootViewController.h */,
				503AE0FF17EB989F00D1A890 /* RootViewController.mm */,
			);
			name = ios;
			path = Classes;
			sourceTree = "<group>";
		};
		19C28FACFE9D520D11CA2CBB /* Products */ = {
			isa = PBXGroup;
			children = (
				1D6058910D05DD3D006BFB54 /* HappyBall-mobile.app */,
				5087E76F17EB910900C73F5D /* HappyBall-desktop.app */,
			);
			name = Products;
			sourceTree = "<group>";
		};
		1AC6FAE6180E9839004C840B /* Products */ = {
			isa = PBXGroup;
			children = (
				1AC6FAF9180E9839004C840B /* libcocos2d Mac.a */,
				1AC6FB07180E9839004C840B /* libcocos2d iOS.a */,
				D2FC593620DF8B79003FBCCE /* libcocos2d tvOS.a */,
			);
			name = Products;
			sourceTree = "<group>";
		};
		29B97314FDCFA39411CA2CEA /* CustomTemplate */ = {
			isa = PBXGroup;
			children = (
				46880B8319C43A87006E1F66 /* Classes */,
				46880B7519C43A67006E1F66 /* Resources */,
				1AC6FAE5180E9839004C840B /* cocos2d_libs.xcodeproj */,
				29B97323FDCFA39411CA2CEA /* Frameworks */,
				080E96DDFE201D6D7F000001 /* ios */,
				503AE10617EB990700D1A890 /* mac */,
				19C28FACFE9D520D11CA2CBB /* Products */,
			);
			name = CustomTemplate;
			sourceTree = "<group>";
		};
		29B97323FDCFA39411CA2CEA /* Frameworks */ = {
			isa = PBXGroup;
			children = (
				294D0D631D0D56D500F7F5D4 /* CoreText.framework */,
				ED545A7D1B68A1FA00C3958E /* libiconv.dylib */,
				ED545A7B1B68A1F400C3958E /* libiconv.dylib */,
				8262943D1AAF051F00CB7CF7 /* Security.framework */,
				52B47A461A53D09B004E4C60 /* Security.framework */,
				D6B0611A1803AB670077942B /* CoreMotion.framework */,
				503AE11A17EB9C5A00D1A890 /* IOKit.framework */,
				503AE11117EB99EE00D1A890 /* libcurl.dylib */,
				5087E78A17EB975400C73F5D /* OpenGL.framework */,
				5087E78817EB974C00C73F5D /* AppKit.framework */,
				1ACB3243164770DE00914215 /* libcurl.a */,
				BF170DB412928DE900B8313A /* libz.dylib */,
				D44C620F132DFF4E0009C878 /* AudioToolbox.framework */,
				D44C620D132DFF430009C878 /* AVFoundation.framework */,
				288765A40DF7441C002DB57D /* CoreGraphics.framework */,
				1D30AB110D05D00D00671497 /* Foundation.framework */,
				D44C620B132DFF330009C878 /* OpenAL.framework */,
				BF170DB012928DE900B8313A /* OpenGLES.framework */,
				BF1C47EA1293683800B63C5D /* QuartzCore.framework */,
				1DF5F4DF0D08C38300B7A737 /* UIKit.framework */,
			);
			name = Frameworks;
			sourceTree = "<group>";
		};
		46880B7519C43A67006E1F66 /* Resources */ = {
			isa = PBXGroup;
			children = (
				D203B4342122D10A001F056C /* best_record_num.png */,
				D203B4562122D10E001F056C /* best_record.png */,
				D203B4462122D10C001F056C /* ChineseWords.plist */,
				D203B4672122D110001F056C /* close_btn.png */,
				D203B4502122D10D001F056C /* dream */,
				D203B4512122D10D001F056C /* feij.plist */,
				D203B4362122D10A001F056C /* finish.png */,
				D203B4552122D10D001F056C /* fonts */,
				D203B4582122D10E001F056C /* game_bg.png */,
				D203B43F2122D10B001F056C /* game_name.png */,
				D203B4572122D10E001F056C /* game_score_plus.png */,
				D203B45F2122D10F001F056C /* game_score.png */,
				D203B44C2122D10C001F056C /* gold_100.png */,
				D203B4492122D10C001F056C /* gold_1000.png */,
				D203B43B2122D10B001F056C /* gold_2000.png */,
				D203B4402122D10B001F056C /* gold_5000.png */,
				D203B4662122D110001F056C /* gold_10000.png */,
				D203B4622122D10F001F056C /* gold_bg.png */,
				D203B44E2122D10D001F056C /* gold_num.png */,
				D203B4682122D110001F056C /* load_bg.png */,
				D203B4522122D10D001F056C /* loading.png */,
				D203B44F2122D10D001F056C /* main_layer_bg.png */,
				D203B44B2122D10C001F056C /* mu */,
				D203B4452122D10B001F056C /* particle_texture_2.png */,
				D203B4592122D10E001F056C /* particle_texture.png */,
				D203B4372122D10A001F056C /* pause_box.png */,
				D203B4602122D10F001F056C /* pause_btn.png */,
				D203B4392122D10A001F056C /* pause_continue.png */,
				D203B45E2122D10F001F056C /* pause_home.png */,
				D203B4472122D10C001F056C /* pause_restart.png */,
				D203B43C2122D10B001F056C /* plus.png */,
				D203B4482122D10C001F056C /* point.png */,
				D203B44A2122D10C001F056C /* progress_bg.png */,
				D203B45D2122D10F001F056C /* progress.png */,
				D203B43E2122D10B001F056C /* res */,
				D203B4532122D10D001F056C /* result_back.png */,
				D203B4632122D10F001F056C /* result_box.png */,
				D203B4432122D10B001F056C /* result_continue.png */,
				D203B45A2122D10E001F056C /* result_gold.png */,
				D203B4382122D10A001F056C /* result_record.png */,
				D203B4542122D10D001F056C /* skin_box.png */,
				D203B4332122D10A001F056C /* skin_btn.png */,
				D203B4352122D10A001F056C /* sound_off.png */,
				D203B4612122D10F001F056C /* sound_on.png */,
				D203B4422122D10B001F056C /* start_btn.png */,
				D203B46A2122D110001F056C /* use_btn.png */,
				D203B45B2122D10E001F056C /* used_btn.png */,
				D203B43A2122D10A001F056C /* weib.plist */,
				D203B4412122D10B001F056C /* wu_1.png */,
				D203B44D2122D10C001F056C /* wu_2.png */,
				D203B4642122D10F001F056C /* wu_3.png */,
				D203B4692122D110001F056C /* wu_4.png */,
				D203B43D2122D10B001F056C /* wu_5.png */,
				D203B4442122D10B001F056C /* yd.png */,
				D203B4652122D110001F056C /* zhujue0.plist */,
				D203B45C2122D10E001F056C /* zhujued0.png */,
			);
			name = Resources;
			path = ../Resources;
			sourceTree = "<group>";
		};
		46880B8319C43A87006E1F66 /* Classes */ = {
			isa = PBXGroup;
			children = (
				D203B4E32122D12C001F056C /* AppDelegate.cpp */,
				D203B4E42122D12C001F056C /* AppDelegate.h */,
				D203B4FD2122D12F001F056C /* Audio.cpp */,
				D203B50B2122D131001F056C /* Audio.h */,
				D203B4F72122D12F001F056C /* AudioConfig.h */,
				D203B4E62122D12D001F056C /* Brick.cpp */,
				D203B4FA2122D12F001F056C /* Brick.h */,
				D203B4F62122D12E001F056C /* ChineseWorld.cpp */,
				D203B4FC2122D12F001F056C /* ChineseWorld.h */,
				D203B4F42122D12E001F056C /* Cloud.cpp */,
				D203B4DE2122D12C001F056C /* Cloud.h */,
				D203B4E72122D12D001F056C /* Dream.cpp */,
				D203B4DF2122D12C001F056C /* Dream.h */,
				D203B5082122D131001F056C /* DreamCallback.cpp */,
				D203B4DD2122D12C001F056C /* DreamCallback.h */,
				D203B5062122D131001F056C /* DreamEvent.h */,
				D203B4EB2122D12D001F056C /* DreamLayer.cpp */,
				D203B50C2122D131001F056C /* DreamLayer.h */,
				D203B4E52122D12D001F056C /* DreamSecond.cpp */,
				D203B4FF2122D130001F056C /* DreamSecond.h */,
				D203B50A2122D131001F056C /* GameLayer.cpp */,
				D203B4DC2122D12C001F056C /* GameLayer.h */,
				D203B4EE2122D12E001F056C /* GameScene.cpp */,
				D203B4F82122D12F001F056C /* GameScene.h */,
				D203B4FE2122D130001F056C /* GameStatus.cpp */,
				D203B4E12122D12C001F056C /* GameStatus.h */,
				D203B5072122D131001F056C /* GeometryTools.cpp */,
				D203B4EC2122D12D001F056C /* GeometryTools.h */,
				D203B4E82122D12D001F056C /* GuideLayer.cpp */,
				D203B5092122D131001F056C /* GuideLayer.h */,
				D203B4EA2122D12D001F056C /* Hero.cpp */,
				D203B5032122D130001F056C /* Hero.h */,
				D203B4F02122D12E001F056C /* LoadScene.cpp */,
				D203B4E92122D12D001F056C /* LoadScene.h */,
				D203B5042122D130001F056C /* MainLayer.cpp */,
				D203B4EF2122D12E001F056C /* MainLayer.h */,
				D203B4F52122D12E001F056C /* PauseLayer.cpp */,
				D203B4F12122D12E001F056C /* PauseLayer.h */,
				D203B5002122D130001F056C /* Pillar.cpp */,
				D203B4DB2122D12C001F056C /* Pillar.h */,
				D203B4F22122D12E001F056C /* ResultLayer.cpp */,
				D203B4FB2122D12F001F056C /* ResultLayer.h */,
				D203B4E22122D12C001F056C /* SetingLayer.cpp */,
				D203B4ED2122D12D001F056C /* SetingLayer.h */,
				D203B5012122D130001F056C /* SkinLayer.cpp */,
				D203B5052122D130001F056C /* SkinLayer.h */,
				D203B4F32122D12E001F056C /* StringTools.cpp */,
				D203B4F92122D12F001F056C /* StringTools.h */,
				D203B5022122D130001F056C /* UserData.cpp */,
				D203B4E02122D12C001F056C /* UserData.h */,
			);
			name = Classes;
			path = ../Classes;
			sourceTree = "<group>";
		};
		503AE0F517EB97AB00D1A890 /* Icons */ = {
			isa = PBXGroup;
			children = (
				503AE0F617EB97AB00D1A890 /* Icon.icns */,
				503AE0F717EB97AB00D1A890 /* Info.plist */,
			);
			name = Icons;
			path = mac;
			sourceTree = SOURCE_ROOT;
		};
		503AE10617EB990700D1A890 /* mac */ = {
			isa = PBXGroup;
			children = (
				503AE0F517EB97AB00D1A890 /* Icons */,
				503AE10317EB98FF00D1A890 /* main.cpp */,
				503AE10417EB98FF00D1A890 /* Prefix.pch */,
			);
			name = mac;
			sourceTree = "<group>";
		};
		5087E77117EB970100C73F5D /* Icons */ = {
			isa = PBXGroup;
			children = (
				521A8E6219F0C34300D177D7 /* Default-667h@2x.png */,
				521A8E6319F0C34300D177D7 /* Default-736h@3x.png */,
				5087E77217EB970100C73F5D /* Default-568h@2x.png */,
				5087E77317EB970100C73F5D /* Default.png */,
				5087E77417EB970100C73F5D /* Default@2x.png */,
				50EF62A017ECD613001EB2F8 /* Icon-29.png */,
				50EF62A117ECD613001EB2F8 /* Icon-50.png */,
				50EF629217ECD46A001EB2F8 /* Icon-40.png */,
				50EF629317ECD46A001EB2F8 /* Icon-58.png */,
				50EF629417ECD46A001EB2F8 /* Icon-80.png */,
				50EF629517ECD46A001EB2F8 /* Icon-100.png */,
				5087E77517EB970100C73F5D /* Icon-114.png */,
				5087E77617EB970100C73F5D /* Icon-120.png */,
				5087E77717EB970100C73F5D /* Icon-144.png */,
				5087E77817EB970100C73F5D /* Icon-152.png */,
				5087E77917EB970100C73F5D /* Icon-57.png */,
				5087E77A17EB970100C73F5D /* Icon-72.png */,
				5087E77B17EB970100C73F5D /* Icon-76.png */,
				5087E77C17EB970100C73F5D /* Info.plist */,
			);
			name = Icons;
			path = ios;
			sourceTree = SOURCE_ROOT;
		};
/* End PBXGroup section */

/* Begin PBXNativeTarget section */
		1D6058900D05DD3D006BFB54 /* HappyBall-mobile */ = {
			isa = PBXNativeTarget;
			buildConfigurationList = 1D6058960D05DD3E006BFB54 /* Build configuration list for PBXNativeTarget "HappyBall-mobile" */;
			buildPhases = (
				1D60588D0D05DD3D006BFB54 /* Resources */,
				1D60588E0D05DD3D006BFB54 /* Sources */,
				1D60588F0D05DD3D006BFB54 /* Frameworks */,
			);
			buildRules = (
			);
			dependencies = (
				1AC6FB25180E99E1004C840B /* PBXTargetDependency */,
			);
			name = "HappyBall-mobile";
			productName = iphone;
			productReference = 1D6058910D05DD3D006BFB54 /* HappyBall-mobile.app */;
			productType = "com.apple.product-type.application";
		};
		5087E73D17EB910900C73F5D /* HappyBall-desktop */ = {
			isa = PBXNativeTarget;
			buildConfigurationList = 5087E76C17EB910900C73F5D /* Build configuration list for PBXNativeTarget "HappyBall-desktop" */;
			buildPhases = (
				5087E74817EB910900C73F5D /* Resources */,
				5087E75617EB910900C73F5D /* Sources */,
				5087E75C17EB910900C73F5D /* Frameworks */,
			);
			buildRules = (
			);
			dependencies = (
				1AC6FB16180E9959004C840B /* PBXTargetDependency */,
			);
			name = "HappyBall-desktop";
			productName = iphone;
			productReference = 5087E76F17EB910900C73F5D /* HappyBall-desktop.app */;
			productType = "com.apple.product-type.application";
		};
/* End PBXNativeTarget section */

/* Begin PBXProject section */
		29B97313FDCFA39411CA2CEA /* Project object */ = {
			isa = PBXProject;
			attributes = {
				LastUpgradeCheck = 0500;
				TargetAttributes = {
					1D6058900D05DD3D006BFB54 = {
						DevelopmentTeam = D8Z4L68C6A;
					};
				};
			};
			buildConfigurationList = C01FCF4E08A954540054247B /* Build configuration list for PBXProject "HappyBall" */;
			compatibilityVersion = "Xcode 3.2";
			developmentRegion = English;
			hasScannedForEncodings = 1;
			knownRegions = (
				English,
				Japanese,
				French,
				German,
			);
			mainGroup = 29B97314FDCFA39411CA2CEA /* CustomTemplate */;
			projectDirPath = "";
			projectReferences = (
				{
					ProductGroup = 1AC6FAE6180E9839004C840B /* Products */;
					ProjectRef = 1AC6FAE5180E9839004C840B /* cocos2d_libs.xcodeproj */;
				},
			);
			projectRoot = "";
			targets = (
				1D6058900D05DD3D006BFB54 /* HappyBall-mobile */,
				5087E73D17EB910900C73F5D /* HappyBall-desktop */,
			);
		};
/* End PBXProject section */

/* Begin PBXReferenceProxy section */
		1AC6FAF9180E9839004C840B /* libcocos2d Mac.a */ = {
			isa = PBXReferenceProxy;
			fileType = archive.ar;
			path = "libcocos2d Mac.a";
			remoteRef = 1AC6FAF8180E9839004C840B /* PBXContainerItemProxy */;
			sourceTree = BUILT_PRODUCTS_DIR;
		};
		1AC6FB07180E9839004C840B /* libcocos2d iOS.a */ = {
			isa = PBXReferenceProxy;
			fileType = archive.ar;
			path = "libcocos2d iOS.a";
			remoteRef = 1AC6FB06180E9839004C840B /* PBXContainerItemProxy */;
			sourceTree = BUILT_PRODUCTS_DIR;
		};
		D2FC593620DF8B79003FBCCE /* libcocos2d tvOS.a */ = {
			isa = PBXReferenceProxy;
			fileType = archive.ar;
			path = "libcocos2d tvOS.a";
			remoteRef = D2FC593520DF8B79003FBCCE /* PBXContainerItemProxy */;
			sourceTree = BUILT_PRODUCTS_DIR;
		};
/* End PBXReferenceProxy section */

/* Begin PBXResourcesBuildPhase section */
		1D60588D0D05DD3D006BFB54 /* Resources */ = {
			isa = PBXResourcesBuildPhase;
			buildActionMask = 2147483647;
			files = (
				5087E78117EB970100C73F5D /* Icon-120.png in Resources */,
				D203B4C52122D110001F056C /* pause_btn.png in Resources */,
				5087E78617EB970100C73F5D /* Icon-76.png in Resources */,
				D203B4D12122D110001F056C /* gold_10000.png in Resources */,
				D203B4BD2122D110001F056C /* zhujued0.png in Resources */,
				5087E77F17EB970100C73F5D /* Default@2x.png in Resources */,
				D203B4892122D110001F056C /* start_btn.png in Resources */,
				D203B4CF2122D110001F056C /* zhujue0.plist in Resources */,
				D203B4812122D110001F056C /* res in Resources */,
				50EF629917ECD46A001EB2F8 /* Icon-100.png in Resources */,
				D203B4872122D110001F056C /* wu_1.png in Resources */,
				D203B49B2122D110001F056C /* mu in Resources */,
				D203B4C92122D110001F056C /* gold_bg.png in Resources */,
				D203B47F2122D110001F056C /* wu_5.png in Resources */,
				5087E78317EB970100C73F5D /* Icon-152.png in Resources */,
				D203B4BF2122D110001F056C /* progress.png in Resources */,
				D203B4B32122D110001F056C /* game_score_plus.png in Resources */,
				D203B4A12122D110001F056C /* gold_num.png in Resources */,
				D203B4BB2122D110001F056C /* used_btn.png in Resources */,
				D203B4AB2122D110001F056C /* result_back.png in Resources */,
				D203B4C72122D110001F056C /* sound_on.png in Resources */,
				D203B4D32122D110001F056C /* close_btn.png in Resources */,
				D203B4AD2122D110001F056C /* skin_box.png in Resources */,
				D203B48F2122D110001F056C /* particle_texture_2.png in Resources */,
				D203B49F2122D110001F056C /* wu_2.png in Resources */,
				D203B46B2122D110001F056C /* skin_btn.png in Resources */,
				D203B4A72122D110001F056C /* feij.plist in Resources */,
				D203B4AF2122D110001F056C /* fonts in Resources */,
				5087E77D17EB970100C73F5D /* Default-568h@2x.png in Resources */,
				D203B48B2122D110001F056C /* result_continue.png in Resources */,
				D203B4D52122D110001F056C /* load_bg.png in Resources */,
				D203B4792122D110001F056C /* weib.plist in Resources */,
				D203B4852122D110001F056C /* gold_5000.png in Resources */,
				D203B4732122D110001F056C /* pause_box.png in Resources */,
				D203B4A92122D110001F056C /* loading.png in Resources */,
				D203B4A32122D110001F056C /* main_layer_bg.png in Resources */,
				D203B4B92122D110001F056C /* result_gold.png in Resources */,
				5087E78517EB970100C73F5D /* Icon-72.png in Resources */,
				D203B4932122D110001F056C /* pause_restart.png in Resources */,
				D203B4D72122D110001F056C /* wu_4.png in Resources */,
				D203B4712122D110001F056C /* finish.png in Resources */,
				521A8E6519F0C34300D177D7 /* Default-736h@3x.png in Resources */,
				50EF62A317ECD613001EB2F8 /* Icon-50.png in Resources */,
				5087E78017EB970100C73F5D /* Icon-114.png in Resources */,
				D203B4B52122D110001F056C /* game_bg.png in Resources */,
				D203B4952122D110001F056C /* point.png in Resources */,
				D203B47B2122D110001F056C /* gold_2000.png in Resources */,
				50EF62A217ECD613001EB2F8 /* Icon-29.png in Resources */,
				50EF629617ECD46A001EB2F8 /* Icon-40.png in Resources */,
				D203B4A52122D110001F056C /* dream in Resources */,
				D203B46D2122D110001F056C /* best_record_num.png in Resources */,
				D203B4C12122D110001F056C /* pause_home.png in Resources */,
				D203B4B72122D110001F056C /* particle_texture.png in Resources */,
				D203B4992122D110001F056C /* progress_bg.png in Resources */,
				5087E78217EB970100C73F5D /* Icon-144.png in Resources */,
				D203B47D2122D110001F056C /* plus.png in Resources */,
				D203B4832122D110001F056C /* game_name.png in Resources */,
				D203B4752122D110001F056C /* result_record.png in Resources */,
				50EF629817ECD46A001EB2F8 /* Icon-80.png in Resources */,
				D203B46F2122D110001F056C /* sound_off.png in Resources */,
				5087E78417EB970100C73F5D /* Icon-57.png in Resources */,
				5087E77E17EB970100C73F5D /* Default.png in Resources */,
				D203B49D2122D110001F056C /* gold_100.png in Resources */,
				D203B4CB2122D110001F056C /* result_box.png in Resources */,
				521A8E6419F0C34300D177D7 /* Default-667h@2x.png in Resources */,
				50EF629717ECD46A001EB2F8 /* Icon-58.png in Resources */,
				D203B4D92122D110001F056C /* use_btn.png in Resources */,
				D203B4972122D110001F056C /* gold_1000.png in Resources */,
				D203B48D2122D110001F056C /* yd.png in Resources */,
				D203B4912122D110001F056C /* ChineseWords.plist in Resources */,
				D203B4B12122D110001F056C /* best_record.png in Resources */,
				D203B4CD2122D110001F056C /* wu_3.png in Resources */,
				D203B4C32122D110001F056C /* game_score.png in Resources */,
				D203B4772122D110001F056C /* pause_continue.png in Resources */,
			);
			runOnlyForDeploymentPostprocessing = 0;
		};
		5087E74817EB910900C73F5D /* Resources */ = {
			isa = PBXResourcesBuildPhase;
			buildActionMask = 2147483647;
			files = (
				D203B4CC2122D110001F056C /* result_box.png in Resources */,
				D203B4DA2122D110001F056C /* use_btn.png in Resources */,
				D203B4BE2122D110001F056C /* zhujued0.png in Resources */,
				D203B4742122D110001F056C /* pause_box.png in Resources */,
				D203B4822122D110001F056C /* res in Resources */,
				D203B4A82122D110001F056C /* feij.plist in Resources */,
				D203B49C2122D110001F056C /* mu in Resources */,
				503AE0F817EB97AB00D1A890 /* Icon.icns in Resources */,
				D203B48A2122D110001F056C /* start_btn.png in Resources */,
				D203B4C62122D110001F056C /* pause_btn.png in Resources */,
				D203B4B22122D110001F056C /* best_record.png in Resources */,
				D203B4D82122D110001F056C /* wu_4.png in Resources */,
				D203B48E2122D110001F056C /* yd.png in Resources */,
				D203B46C2122D110001F056C /* skin_btn.png in Resources */,
				D203B4C42122D110001F056C /* game_score.png in Resources */,
				D203B4CA2122D110001F056C /* gold_bg.png in Resources */,
				D203B4CE2122D110001F056C /* wu_3.png in Resources */,
				D203B4BC2122D110001F056C /* used_btn.png in Resources */,
				D203B49E2122D110001F056C /* gold_100.png in Resources */,
				D203B4C02122D110001F056C /* progress.png in Resources */,
				D203B4D02122D110001F056C /* zhujue0.plist in Resources */,
				D203B49A2122D110001F056C /* progress_bg.png in Resources */,
				D203B4982122D110001F056C /* gold_1000.png in Resources */,
				D203B4AC2122D110001F056C /* result_back.png in Resources */,
				D203B4A62122D110001F056C /* dream in Resources */,
				D203B4922122D110001F056C /* ChineseWords.plist in Resources */,
				D203B4D22122D110001F056C /* gold_10000.png in Resources */,
				D203B4C82122D110001F056C /* sound_on.png in Resources */,
				D203B4902122D110001F056C /* particle_texture_2.png in Resources */,
				D203B4B02122D110001F056C /* fonts in Resources */,
				D203B4722122D110001F056C /* finish.png in Resources */,
				D203B46E2122D110001F056C /* best_record_num.png in Resources */,
				D203B4702122D110001F056C /* sound_off.png in Resources */,
				D203B4882122D110001F056C /* wu_1.png in Resources */,
				D203B4AE2122D110001F056C /* skin_box.png in Resources */,
				D203B4B62122D110001F056C /* game_bg.png in Resources */,
				D203B4A02122D110001F056C /* wu_2.png in Resources */,
				D203B4D42122D110001F056C /* close_btn.png in Resources */,
				D203B4962122D110001F056C /* point.png in Resources */,
				D203B47A2122D110001F056C /* weib.plist in Resources */,
				D203B4A42122D110001F056C /* main_layer_bg.png in Resources */,
				D203B4D62122D110001F056C /* load_bg.png in Resources */,
				D203B4BA2122D110001F056C /* result_gold.png in Resources */,
				D203B4B82122D110001F056C /* particle_texture.png in Resources */,
				D203B4762122D110001F056C /* result_record.png in Resources */,
				D203B47E2122D110001F056C /* plus.png in Resources */,
				D203B4A22122D110001F056C /* gold_num.png in Resources */,
				D203B4842122D110001F056C /* game_name.png in Resources */,
				D203B4942122D110001F056C /* pause_restart.png in Resources */,
				D203B4782122D110001F056C /* pause_continue.png in Resources */,
				D203B4B42122D110001F056C /* game_score_plus.png in Resources */,
				D203B47C2122D110001F056C /* gold_2000.png in Resources */,
				D203B48C2122D110001F056C /* result_continue.png in Resources */,
				D203B4AA2122D110001F056C /* loading.png in Resources */,
				D203B4862122D110001F056C /* gold_5000.png in Resources */,
				D203B4802122D110001F056C /* wu_5.png in Resources */,
				D203B4C22122D110001F056C /* pause_home.png in Resources */,
			);
			runOnlyForDeploymentPostprocessing = 0;
		};
/* End PBXResourcesBuildPhase section */

/* Begin PBXSourcesBuildPhase section */
		1D60588E0D05DD3D006BFB54 /* Sources */ = {
			isa = PBXSourcesBuildPhase;
			buildActionMask = 2147483647;
			files = (
				503AE10017EB989F00D1A890 /* AppController.mm in Sources */,
				D203B5252122D131001F056C /* Cloud.cpp in Sources */,
				D203B5172122D131001F056C /* GuideLayer.cpp in Sources */,
				503AE10217EB989F00D1A890 /* RootViewController.mm in Sources */,
				D203B51F2122D131001F056C /* LoadScene.cpp in Sources */,
				D203B52B2122D131001F056C /* Audio.cpp in Sources */,
				D203B5212122D131001F056C /* ResultLayer.cpp in Sources */,
				D203B5132122D131001F056C /* Brick.cpp in Sources */,
				D203B52F2122D131001F056C /* Pillar.cpp in Sources */,
				D203B5332122D131001F056C /* UserData.cpp in Sources */,
				D203B51B2122D131001F056C /* DreamLayer.cpp in Sources */,
				D203B52D2122D131001F056C /* GameStatus.cpp in Sources */,
				D203B5152122D131001F056C /* Dream.cpp in Sources */,
				D203B5372122D131001F056C /* GeometryTools.cpp in Sources */,
				D203B5272122D131001F056C /* PauseLayer.cpp in Sources */,
				D203B50F2122D131001F056C /* AppDelegate.cpp in Sources */,
				503AE10117EB989F00D1A890 /* main.m in Sources */,
				D203B5352122D131001F056C /* MainLayer.cpp in Sources */,
				D203B50D2122D131001F056C /* SetingLayer.cpp in Sources */,
				D203B5312122D131001F056C /* SkinLayer.cpp in Sources */,
				D203B5392122D131001F056C /* DreamCallback.cpp in Sources */,
				D203B5232122D131001F056C /* StringTools.cpp in Sources */,
				D203B5292122D131001F056C /* ChineseWorld.cpp in Sources */,
				D203B53B2122D131001F056C /* GameLayer.cpp in Sources */,
				D203B5112122D131001F056C /* DreamSecond.cpp in Sources */,
				D203B51D2122D131001F056C /* GameScene.cpp in Sources */,
				D203B5192122D131001F056C /* Hero.cpp in Sources */,
			);
			runOnlyForDeploymentPostprocessing = 0;
		};
		5087E75617EB910900C73F5D /* Sources */ = {
			isa = PBXSourcesBuildPhase;
			buildActionMask = 2147483647;
			files = (
				D203B5222122D131001F056C /* ResultLayer.cpp in Sources */,
				D203B51E2122D131001F056C /* GameScene.cpp in Sources */,
				503AE10517EB98FF00D1A890 /* main.cpp in Sources */,
				D203B5122122D131001F056C /* DreamSecond.cpp in Sources */,
				D203B5382122D131001F056C /* GeometryTools.cpp in Sources */,
				D203B50E2122D131001F056C /* SetingLayer.cpp in Sources */,
				D203B5102122D131001F056C /* AppDelegate.cpp in Sources */,
				D203B5302122D131001F056C /* Pillar.cpp in Sources */,
				D203B5342122D131001F056C /* UserData.cpp in Sources */,
				D203B5282122D131001F056C /* PauseLayer.cpp in Sources */,
				D203B5322122D131001F056C /* SkinLayer.cpp in Sources */,
				D203B5202122D131001F056C /* LoadScene.cpp in Sources */,
				D203B52A2122D131001F056C /* ChineseWorld.cpp in Sources */,
				D203B51C2122D131001F056C /* DreamLayer.cpp in Sources */,
				D203B5242122D131001F056C /* StringTools.cpp in Sources */,
				D203B53C2122D131001F056C /* GameLayer.cpp in Sources */,
				D203B5362122D131001F056C /* MainLayer.cpp in Sources */,
				D203B53A2122D131001F056C /* DreamCallback.cpp in Sources */,
				D203B5262122D131001F056C /* Cloud.cpp in Sources */,
				D203B5142122D131001F056C /* Brick.cpp in Sources */,
				D203B52E2122D131001F056C /* GameStatus.cpp in Sources */,
				D203B52C2122D131001F056C /* Audio.cpp in Sources */,
				D203B5162122D131001F056C /* Dream.cpp in Sources */,
				D203B5182122D131001F056C /* GuideLayer.cpp in Sources */,
				D203B51A2122D131001F056C /* Hero.cpp in Sources */,
			);
			runOnlyForDeploymentPostprocessing = 0;
		};
/* End PBXSourcesBuildPhase section */

/* Begin PBXTargetDependency section */
		1AC6FB16180E9959004C840B /* PBXTargetDependency */ = {
			isa = PBXTargetDependency;
			name = "cocos2dx Mac";
			targetProxy = 1AC6FB15180E9959004C840B /* PBXContainerItemProxy */;
		};
		1AC6FB25180E99E1004C840B /* PBXTargetDependency */ = {
			isa = PBXTargetDependency;
			name = "cocos2dx iOS";
			targetProxy = 1AC6FB24180E99E1004C840B /* PBXContainerItemProxy */;
		};
/* End PBXTargetDependency section */

/* Begin XCBuildConfiguration section */
		1D6058940D05DD3E006BFB54 /* Debug */ = {
			isa = XCBuildConfiguration;
			buildSettings = {
				ALWAYS_SEARCH_USER_PATHS = YES;
				CODE_SIGN_IDENTITY = "iPhone Developer";
				COMPRESS_PNG_FILES = NO;
				DEVELOPMENT_TEAM = D8Z4L68C6A;
				ENABLE_BITCODE = NO;
				GCC_DYNAMIC_NO_PIC = NO;
				GCC_INLINES_ARE_PRIVATE_EXTERN = NO;
				GCC_PRECOMPILE_PREFIX_HEADER = YES;
				GCC_PREFIX_HEADER = ios/Prefix.pch;
				GCC_PREPROCESSOR_DEFINITIONS = (
					USE_FILE32API,
					"COCOS2D_DEBUG=1",
					"CC_ENABLE_CHIPMUNK_INTEGRATION=1",
				);
				GCC_SYMBOLS_PRIVATE_EXTERN = NO;
				HEADER_SEARCH_PATHS = "$(inherited)";
				INFOPLIST_FILE = ios/Info.plist;
				IPHONEOS_DEPLOYMENT_TARGET = 6.0;
				LIBRARY_SEARCH_PATHS = "";
				OTHER_LDFLAGS = (
					"$(_COCOS_LIB_IOS_BEGIN)",
					"$(_COCOS_LIB_IOS_END)",
				);
				SDKROOT = iphoneos;
				STRIP_PNG_TEXT = NO;
				TARGETED_DEVICE_FAMILY = "1,2";
				USER_HEADER_SEARCH_PATHS = "$(_COCOS_HEADER_IOS_BEGIN) $(_COCOS_HEADER_IOS_END)";
				VALID_ARCHS = "arm64 armv7";
			};
			name = Debug;
		};
		1D6058950D05DD3E006BFB54 /* Release */ = {
			isa = XCBuildConfiguration;
			buildSettings = {
				ALWAYS_SEARCH_USER_PATHS = YES;
				CODE_SIGN_IDENTITY = "iPhone Developer";
				COMPRESS_PNG_FILES = NO;
				DEVELOPMENT_TEAM = D8Z4L68C6A;
				ENABLE_BITCODE = NO;
				GCC_INLINES_ARE_PRIVATE_EXTERN = NO;
				GCC_PRECOMPILE_PREFIX_HEADER = YES;
				GCC_PREFIX_HEADER = ios/Prefix.pch;
				GCC_PREPROCESSOR_DEFINITIONS = (
					USE_FILE32API,
					"CC_ENABLE_CHIPMUNK_INTEGRATION=1",
					NDEBUG,
				);
				GCC_SYMBOLS_PRIVATE_EXTERN = NO;
				HEADER_SEARCH_PATHS = "$(inherited)";
				INFOPLIST_FILE = ios/Info.plist;
				IPHONEOS_DEPLOYMENT_TARGET = 6.0;
				LIBRARY_SEARCH_PATHS = "";
				OTHER_LDFLAGS = (
					"$(_COCOS_LIB_IOS_BEGIN)",
					"$(_COCOS_LIB_IOS_END)",
				);
				SDKROOT = iphoneos;
				STRIP_PNG_TEXT = NO;
				TARGETED_DEVICE_FAMILY = "1,2";
				USER_HEADER_SEARCH_PATHS = "$(_COCOS_HEADER_IOS_BEGIN) $(_COCOS_HEADER_IOS_END)";
				VALID_ARCHS = "arm64 armv7";
			};
			name = Release;
		};
		5087E76D17EB910900C73F5D /* Debug */ = {
			isa = XCBuildConfiguration;
			buildSettings = {
				ALWAYS_SEARCH_USER_PATHS = YES;
				ARCHS = "$(ARCHS_STANDARD_64_BIT)";
				CLANG_CXX_LANGUAGE_STANDARD = "c++0x";
				CLANG_CXX_LIBRARY = "libc++";
				GCC_DYNAMIC_NO_PIC = NO;
				GCC_INLINES_ARE_PRIVATE_EXTERN = NO;
				GCC_PRECOMPILE_PREFIX_HEADER = YES;
				GCC_PREFIX_HEADER = mac/Prefix.pch;
				GCC_PREPROCESSOR_DEFINITIONS = (
					USE_FILE32API,
					"COCOS2D_DEBUG=1",
					"CC_ENABLE_CHIPMUNK_INTEGRATION=1",
				);
				GCC_SYMBOLS_PRIVATE_EXTERN = NO;
				HEADER_SEARCH_PATHS = (
					"$(inherited)",
					"$(SRCROOT)/../cocos2d/external/glfw3/include/mac",
				);
				INFOPLIST_FILE = mac/Info.plist;
				LIBRARY_SEARCH_PATHS = "";
				OTHER_LDFLAGS = (
					"$(_COCOS_LIB_MAC_BEGIN)",
					"$(_COCOS_LIB_MAC_END)",
				);
				USER_HEADER_SEARCH_PATHS = "$(_COCOS_HEADER_MAC_BEGIN) $(_COCOS_HEADER_MAC_END)";
			};
			name = Debug;
		};
		5087E76E17EB910900C73F5D /* Release */ = {
			isa = XCBuildConfiguration;
			buildSettings = {
				ALWAYS_SEARCH_USER_PATHS = YES;
				ARCHS = "$(ARCHS_STANDARD_64_BIT)";
				CLANG_CXX_LANGUAGE_STANDARD = "c++0x";
				CLANG_CXX_LIBRARY = "libc++";
				GCC_INLINES_ARE_PRIVATE_EXTERN = NO;
				GCC_PRECOMPILE_PREFIX_HEADER = YES;
				GCC_PREFIX_HEADER = mac/Prefix.pch;
				GCC_PREPROCESSOR_DEFINITIONS = (
					USE_FILE32API,
					"CC_ENABLE_CHIPMUNK_INTEGRATION=1",
					NDEBUG,
				);
				GCC_SYMBOLS_PRIVATE_EXTERN = NO;
				HEADER_SEARCH_PATHS = (
					"$(inherited)",
					"$(SRCROOT)/../cocos2d/external/glfw3/include/mac",
				);
				INFOPLIST_FILE = mac/Info.plist;
				LIBRARY_SEARCH_PATHS = "";
				OTHER_LDFLAGS = (
					"$(_COCOS_LIB_MAC_BEGIN)",
					"$(_COCOS_LIB_MAC_END)",
				);
				USER_HEADER_SEARCH_PATHS = "$(_COCOS_HEADER_MAC_BEGIN) $(_COCOS_HEADER_MAC_END)";
			};
			name = Release;
		};
		C01FCF4F08A954540054247B /* Debug */ = {
			isa = XCBuildConfiguration;
			buildSettings = {
				CLANG_CXX_LANGUAGE_STANDARD = "c++0x";
				CLANG_CXX_LIBRARY = "libc++";
				COPY_PHASE_STRIP = NO;
				GCC_OPTIMIZATION_LEVEL = 0;
				GCC_WARN_ABOUT_RETURN_TYPE = YES;
				GCC_WARN_UNUSED_VARIABLE = YES;
				HEADER_SEARCH_PATHS = (
					"$(SRCROOT)/../cocos2d",
					"$(SRCROOT)/../cocos2d/cocos/audio/include",
					"$(SRCROOT)/../cocos2d/cocos",
					"$(SRCROOT)/../cocos2d/extensions",
					"$(SRCROOT)/../cocos2d/external",
					"$(SRCROOT)/../cocos2d/external/chipmunk/include/chipmunk",
					"$(SRCROOT)/../cocos2d/cocos/editor-support",
				);
				IPHONEOS_DEPLOYMENT_TARGET = 6.0;
				MACOSX_DEPLOYMENT_TARGET = 10.7;
				ONLY_ACTIVE_ARCH = YES;
				PRODUCT_NAME = "$(TARGET_NAME)";
				SDKROOT = macosx;
			};
			name = Debug;
		};
		C01FCF5008A954540054247B /* Release */ = {
			isa = XCBuildConfiguration;
			buildSettings = {
				CLANG_CXX_LANGUAGE_STANDARD = "c++0x";
				CLANG_CXX_LIBRARY = "libc++";
				GCC_WARN_ABOUT_RETURN_TYPE = YES;
				GCC_WARN_UNUSED_VARIABLE = YES;
				HEADER_SEARCH_PATHS = (
					"$(SRCROOT)/../cocos2d",
					"$(SRCROOT)/../cocos2d/cocos/audio/include",
					"$(SRCROOT)/../cocos2d/cocos",
					"$(SRCROOT)/../cocos2d/extensions",
					"$(SRCROOT)/../cocos2d/external",
					"$(SRCROOT)/../cocos2d/external/chipmunk/include/chipmunk",
					"$(SRCROOT)/../cocos2d/cocos/editor-support",
				);
				IPHONEOS_DEPLOYMENT_TARGET = 6.0;
				MACOSX_DEPLOYMENT_TARGET = 10.7;
				OTHER_CFLAGS = "-DNS_BLOCK_ASSERTIONS=1";
				PRODUCT_NAME = "$(TARGET_NAME)";
				SDKROOT = macosx;
				VALIDATE_PRODUCT = YES;
			};
			name = Release;
		};
/* End XCBuildConfiguration section */

/* Begin XCConfigurationList section */
		1D6058960D05DD3E006BFB54 /* Build configuration list for PBXNativeTarget "HappyBall-mobile" */ = {
			isa = XCConfigurationList;
			buildConfigurations = (
				1D6058940D05DD3E006BFB54 /* Debug */,
				1D6058950D05DD3E006BFB54 /* Release */,
			);
			defaultConfigurationIsVisible = 0;
			defaultConfigurationName = Debug;
		};
		5087E76C17EB910900C73F5D /* Build configuration list for PBXNativeTarget "HappyBall-desktop" */ = {
			isa = XCConfigurationList;
			buildConfigurations = (
				5087E76D17EB910900C73F5D /* Debug */,
				5087E76E17EB910900C73F5D /* Release */,
			);
			defaultConfigurationIsVisible = 0;
			defaultConfigurationName = Debug;
		};
		C01FCF4E08A954540054247B /* Build configuration list for PBXProject "HappyBall" */ = {
			isa = XCConfigurationList;
			buildConfigurations = (
				C01FCF4F08A954540054247B /* Debug */,
				C01FCF5008A954540054247B /* Release */,
			);
			defaultConfigurationIsVisible = 0;
			defaultConfigurationName = Debug;
		};
/* End XCConfigurationList section */
	};
	rootObject = 29B97313FDCFA39411CA2CEA /* Project object */;
}
